
Microsoft Visual Studio Solution File, Format Version 10.00
# Visual Studio 2008
Project("{8BC9CEB8-8B4A-11D0-8D11-00A0C91BC942}") = "Counter_BufferedPWMOutput", "Counter_BufferedPWMOutput.vcproj", "{C8A1F824-7539-492B-A4C6-A786337C4A20}"
EndProject
Global
	GlobalSection(SolutionConfigurationPlatforms) = preSolution
		Debug|Win32 = Debug|Win32
		Release|Win32 = Release|Win32
	EndGlobalSection
	GlobalSection(ProjectConfigurationPlatforms) = postSolution
		{C8A1F824-7539-492B-A4C6-A786337C4A20}.Debug|Win32.ActiveCfg = Debug|Win32
		{C8A1F824-7539-492B-A4C6-A786337C4A20}.Debug|Win32.Build.0 = Debug|Win32
		{C8A1F824-7539-492B-A4C6-A786337C4A20}.Release|Win32.ActiveCfg = Release|Win32
		{C8A1F824-7539-492B-A4C6-A786337C4A20}.Release|Win32.Build.0 = Release|Win32
	EndGlobalSection
	GlobalSection(SolutionProperties) = preSolution
		HideSolutionNode = FALSE
	EndGlobalSection
EndGlobal
