
Microsoft Visual Studio Solution File, Format Version 10.00
# Visual Studio 2008
Project("{8BC9CEB8-8B4A-11D0-8D11-00A0C91BC942}") = "AI_SynchronousOneBufferedAI", "SynchronousOneBufferedAI.vcproj", "{1A0B93D0-161F-4437-A9A8-16E3D081B125}"
EndProject
Global
	GlobalSection(SolutionConfigurationPlatforms) = preSolution
		Debug|Win32 = Debug|Win32
		Release|Win32 = Release|Win32
	EndGlobalSection
	GlobalSection(ProjectConfigurationPlatforms) = postSolution
		{1A0B93D0-161F-4437-A9A8-16E3D081B125}.Debug|Win32.ActiveCfg = Debug|Win32
		{1A0B93D0-161F-4437-A9A8-16E3D081B125}.Debug|Win32.Build.0 = Debug|Win32
		{1A0B93D0-161F-4437-A9A8-16E3D081B125}.Release|Win32.ActiveCfg = Release|Win32
		{1A0B93D0-161F-4437-A9A8-16E3D081B125}.Release|Win32.Build.0 = Release|Win32
	EndGlobalSection
	GlobalSection(SolutionProperties) = preSolution
		HideSolutionNode = FALSE
	EndGlobalSection
EndGlobal
