
Microsoft Visual Studio Solution File, Format Version 10.00
# Visual Studio 2008
Project("{FAE04EC0-301F-11D3-BF4B-00C04F79EFBC}") = "AO_StreamingAO", "AO_StreamingAO.csproj", "{753228C2-4CE1-4039-B9D7-02F6E6F14C15}"
EndProject
Global
	GlobalSection(SolutionConfigurationPlatforms) = preSolution
		Debug|Any CPU = Debug|Any CPU
		Release|Any CPU = Release|Any CPU
	EndGlobalSection
	GlobalSection(ProjectConfigurationPlatforms) = postSolution
		{753228C2-4CE1-4039-B9D7-02F6E6F14C15}.Debug|Any CPU.ActiveCfg = Debug|Any CPU
		{753228C2-4CE1-4039-B9D7-02F6E6F14C15}.Debug|Any CPU.Build.0 = Debug|Any CPU
		{753228C2-4CE1-4039-B9D7-02F6E6F14C15}.Release|Any CPU.ActiveCfg = Release|Any CPU
		{753228C2-4CE1-4039-B9D7-02F6E6F14C15}.Release|Any CPU.Build.0 = Release|Any CPU
	EndGlobalSection
	GlobalSection(SolutionProperties) = preSolution
		HideSolutionNode = FALSE
	EndGlobalSection
EndGlobal
