
Microsoft Visual Studio Solution File, Format Version 10.00
# Visual Studio 2008
Project("{8BC9CEB8-8B4A-11D0-8D11-00A0C91BC942}") = "AI_PollingStreamingAI_Retrigger", "PollingStreamingAI_Retrigger.vcproj", "{9EAA3EB1-EF1E-44C6-B47A-3AA95B5EB230}"
EndProject
Global
	GlobalSection(SolutionConfigurationPlatforms) = preSolution
		Debug|Win32 = Debug|Win32
		Release|Win32 = Release|Win32
	EndGlobalSection
	GlobalSection(ProjectConfigurationPlatforms) = postSolution
		{9EAA3EB1-EF1E-44C6-B47A-3AA95B5EB230}.Debug|Win32.ActiveCfg = Debug|Win32
		{9EAA3EB1-EF1E-44C6-B47A-3AA95B5EB230}.Debug|Win32.Build.0 = Debug|Win32
		{9EAA3EB1-EF1E-44C6-B47A-3AA95B5EB230}.Release|Win32.ActiveCfg = Release|Win32
		{9EAA3EB1-EF1E-44C6-B47A-3AA95B5EB230}.Release|Win32.Build.0 = Release|Win32
	EndGlobalSection
	GlobalSection(SolutionProperties) = preSolution
		HideSolutionNode = FALSE
	EndGlobalSection
EndGlobal
