
Microsoft Visual Studio Solution File, Format Version 10.00
# Visual Studio 2008
Project("{FAE04EC0-301F-11D3-BF4B-00C04F79EFBC}") = "Counter_BufferedPWMOutput", "Counter_BufferedPWMOutput.csproj", "{F5783722-66C2-4436-8959-60BD42BADC1B}"
EndProject
Global
	GlobalSection(SolutionConfigurationPlatforms) = preSolution
		Debug|Any CPU = Debug|Any CPU
		Release|Any CPU = Release|Any CPU
	EndGlobalSection
	GlobalSection(ProjectConfigurationPlatforms) = postSolution
		{F5783722-66C2-4436-8959-60BD42BADC1B}.Debug|Any CPU.ActiveCfg = Debug|Any CPU
		{F5783722-66C2-4436-8959-60BD42BADC1B}.Debug|Any CPU.Build.0 = Debug|Any CPU
		{F5783722-66C2-4436-8959-60BD42BADC1B}.Release|Any CPU.ActiveCfg = Release|Any CPU
		{F5783722-66C2-4436-8959-60BD42BADC1B}.Release|Any CPU.Build.0 = Release|Any CPU
	EndGlobalSection
	GlobalSection(SolutionProperties) = preSolution
		HideSolutionNode = FALSE
	EndGlobalSection
EndGlobal
