
Microsoft Visual Studio Solution File, Format Version 10.00
# Visual Studio 2008
Project("{8BC9CEB8-8B4A-11D0-8D11-00A0C91BC942}") = "AI_PollingStreamingAI", "PollingStreamingAI.vcproj", "{1DF68BC2-97A5-4E0E-B3B3-C6260964131F}"
EndProject
Global
	GlobalSection(SolutionConfigurationPlatforms) = preSolution
		Debug|Win32 = Debug|Win32
		Release|Win32 = Release|Win32
	EndGlobalSection
	GlobalSection(ProjectConfigurationPlatforms) = postSolution
		{1DF68BC2-97A5-4E0E-B3B3-C6260964131F}.Debug|Win32.ActiveCfg = Debug|Win32
		{1DF68BC2-97A5-4E0E-B3B3-C6260964131F}.Debug|Win32.Build.0 = Debug|Win32
		{1DF68BC2-97A5-4E0E-B3B3-C6260964131F}.Release|Win32.ActiveCfg = Release|Win32
		{1DF68BC2-97A5-4E0E-B3B3-C6260964131F}.Release|Win32.Build.0 = Release|Win32
	EndGlobalSection
	GlobalSection(SolutionProperties) = preSolution
		HideSolutionNode = FALSE
	EndGlobalSection
EndGlobal
