
Microsoft Visual Studio Solution File, Format Version 10.00
# Visual Studio 2008
Project("{8BC9CEB8-8B4A-11D0-8D11-00A0C91BC942}") = "Counter_DelayedPulseGeneration", "DelayedPulseGeneration.vcproj", "{CCE876B7-CDE8-4E86-8B81-C9B5F4BA1BDE}"
EndProject
Global
	GlobalSection(SolutionConfigurationPlatforms) = preSolution
		Debug|Win32 = Debug|Win32
		Release|Win32 = Release|Win32
	EndGlobalSection
	GlobalSection(ProjectConfigurationPlatforms) = postSolution
		{CCE876B7-CDE8-4E86-8B81-C9B5F4BA1BDE}.Debug|Win32.ActiveCfg = Debug|Win32
		{CCE876B7-CDE8-4E86-8B81-C9B5F4BA1BDE}.Debug|Win32.Build.0 = Debug|Win32
		{CCE876B7-CDE8-4E86-8B81-C9B5F4BA1BDE}.Release|Win32.ActiveCfg = Release|Win32
		{CCE876B7-CDE8-4E86-8B81-C9B5F4BA1BDE}.Release|Win32.Build.0 = Release|Win32
	EndGlobalSection
	GlobalSection(SolutionProperties) = preSolution
		HideSolutionNode = FALSE
	EndGlobalSection
EndGlobal
