
Microsoft Visual Studio Solution File, Format Version 10.00
# Visual Studio 2008
Project("{8BC9CEB8-8B4A-11D0-8D11-00A0C91BC942}") = "AI_PollingOneBufferedAI_TDtr", "PollingOneBufferedAI_TDtr.vcproj", "{9C3F08C8-5C74-49E6-9E2C-09F209288DEE}"
EndProject
Global
	GlobalSection(SolutionConfigurationPlatforms) = preSolution
		Debug|Win32 = Debug|Win32
		Release|Win32 = Release|Win32
	EndGlobalSection
	GlobalSection(ProjectConfigurationPlatforms) = postSolution
		{9C3F08C8-5C74-49E6-9E2C-09F209288DEE}.Debug|Win32.ActiveCfg = Debug|Win32
		{9C3F08C8-5C74-49E6-9E2C-09F209288DEE}.Debug|Win32.Build.0 = Debug|Win32
		{9C3F08C8-5C74-49E6-9E2C-09F209288DEE}.Release|Win32.ActiveCfg = Release|Win32
		{9C3F08C8-5C74-49E6-9E2C-09F209288DEE}.Release|Win32.Build.0 = Release|Win32
	EndGlobalSection
	GlobalSection(SolutionProperties) = preSolution
		HideSolutionNode = FALSE
	EndGlobalSection
EndGlobal
