
Microsoft Visual Studio Solution File, Format Version 10.00
# Visual Studio 2008
Project("{8BC9CEB8-8B4A-11D0-8D11-00A0C91BC942}") = "DI_DIInterrupt", "DIInterrupt.vcproj", "{EF5BCFC4-2276-4761-B97A-8D6CBF81A97A}"
EndProject
Global
	GlobalSection(SolutionConfigurationPlatforms) = preSolution
		Debug|Win32 = Debug|Win32
		Release|Win32 = Release|Win32
	EndGlobalSection
	GlobalSection(ProjectConfigurationPlatforms) = postSolution
		{EF5BCFC4-2276-4761-B97A-8D6CBF81A97A}.Debug|Win32.ActiveCfg = Debug|Win32
		{EF5BCFC4-2276-4761-B97A-8D6CBF81A97A}.Debug|Win32.Build.0 = Debug|Win32
		{EF5BCFC4-2276-4761-B97A-8D6CBF81A97A}.Release|Win32.ActiveCfg = Release|Win32
		{EF5BCFC4-2276-4761-B97A-8D6CBF81A97A}.Release|Win32.Build.0 = Release|Win32
	EndGlobalSection
	GlobalSection(SolutionProperties) = preSolution
		HideSolutionNode = FALSE
	EndGlobalSection
EndGlobal
