
Microsoft Visual Studio Solution File, Format Version 10.00
# Visual Studio 2008
Project("{FAE04EC0-301F-11D3-BF4B-00C04F79EFBC}") = "AI_PollingOneBufferedAI_TDtr", "AI_PollingOneBufferedAI_TDtr.csproj", "{C0A6E0E2-39D4-4FE9-A224-3181B7F85DE6}"
EndProject
Global
	GlobalSection(SolutionConfigurationPlatforms) = preSolution
		Debug|Any CPU = Debug|Any CPU
		Release|Any CPU = Release|Any CPU
	EndGlobalSection
	GlobalSection(ProjectConfigurationPlatforms) = postSolution
		{C0A6E0E2-39D4-4FE9-A224-3181B7F85DE6}.Debug|Any CPU.ActiveCfg = Debug|Any CPU
		{C0A6E0E2-39D4-4FE9-A224-3181B7F85DE6}.Debug|Any CPU.Build.0 = Debug|Any CPU
		{C0A6E0E2-39D4-4FE9-A224-3181B7F85DE6}.Release|Any CPU.ActiveCfg = Release|Any CPU
		{C0A6E0E2-39D4-4FE9-A224-3181B7F85DE6}.Release|Any CPU.Build.0 = Release|Any CPU
	EndGlobalSection
	GlobalSection(SolutionProperties) = preSolution
		HideSolutionNode = FALSE
	EndGlobalSection
EndGlobal
