
Microsoft Visual Studio Solution File, Format Version 10.00
# Visual Studio 2008
Project("{8BC9CEB8-8B4A-11D0-8D11-00A0C91BC942}") = "AI_StreamingAIRetrigger", "AI_StreamingAIRetrigger.vcproj", "{C7B55B68-9A7B-42CF-A0B7-E7E8834A96D8}"
EndProject
Global
	GlobalSection(SolutionConfigurationPlatforms) = preSolution
		Debug|Win32 = Debug|Win32
		Release|Win32 = Release|Win32
	EndGlobalSection
	GlobalSection(ProjectConfigurationPlatforms) = postSolution
		{C7B55B68-9A7B-42CF-A0B7-E7E8834A96D8}.Debug|Win32.ActiveCfg = Debug|Win32
		{C7B55B68-9A7B-42CF-A0B7-E7E8834A96D8}.Debug|Win32.Build.0 = Debug|Win32
		{C7B55B68-9A7B-42CF-A0B7-E7E8834A96D8}.Release|Win32.ActiveCfg = Release|Win32
		{C7B55B68-9A7B-42CF-A0B7-E7E8834A96D8}.Release|Win32.Build.0 = Release|Win32
	EndGlobalSection
	GlobalSection(SolutionProperties) = preSolution
		HideSolutionNode = FALSE
	EndGlobalSection
EndGlobal
