
Microsoft Visual Studio Solution File, Format Version 10.00
# Visual Studio 2008
Project("{FAE04EC0-301F-11D3-BF4B-00C04F79EFBC}") = "AI_StreamingAI_TDtr", "AI_StreamingAI_TDtr.csproj", "{25DCEE84-1253-42AA-A6DC-B6333DE555B1}"
EndProject
Global
	GlobalSection(SolutionConfigurationPlatforms) = preSolution
		Debug|Any CPU = Debug|Any CPU
		Release|Any CPU = Release|Any CPU
	EndGlobalSection
	GlobalSection(ProjectConfigurationPlatforms) = postSolution
		{25DCEE84-1253-42AA-A6DC-B6333DE555B1}.Debug|Any CPU.ActiveCfg = Debug|Any CPU
		{25DCEE84-1253-42AA-A6DC-B6333DE555B1}.Debug|Any CPU.Build.0 = Debug|Any CPU
		{25DCEE84-1253-42AA-A6DC-B6333DE555B1}.Release|Any CPU.ActiveCfg = Release|Any CPU
		{25DCEE84-1253-42AA-A6DC-B6333DE555B1}.Release|Any CPU.Build.0 = Release|Any CPU
	EndGlobalSection
	GlobalSection(SolutionProperties) = preSolution
		HideSolutionNode = FALSE
	EndGlobalSection
EndGlobal
