
Microsoft Visual Studio Solution File, Format Version 10.00
# Visual Studio 2008
Project("{8BC9CEB8-8B4A-11D0-8D11-00A0C91BC942}") = "DO_StaticDO", "StaticDO.vcproj", "{CCEC6EF7-B1B2-4007-B3A3-0ABE14EEFCA2}"
EndProject
Global
	GlobalSection(SolutionConfigurationPlatforms) = preSolution
		Debug|Win32 = Debug|Win32
		Release|Win32 = Release|Win32
	EndGlobalSection
	GlobalSection(ProjectConfigurationPlatforms) = postSolution
		{CCEC6EF7-B1B2-4007-B3A3-0ABE14EEFCA2}.Debug|Win32.ActiveCfg = Debug|Win32
		{CCEC6EF7-B1B2-4007-B3A3-0ABE14EEFCA2}.Debug|Win32.Build.0 = Debug|Win32
		{CCEC6EF7-B1B2-4007-B3A3-0ABE14EEFCA2}.Release|Win32.ActiveCfg = Release|Win32
		{CCEC6EF7-B1B2-4007-B3A3-0ABE14EEFCA2}.Release|Win32.Build.0 = Release|Win32
	EndGlobalSection
	GlobalSection(SolutionProperties) = preSolution
		HideSolutionNode = FALSE
	EndGlobalSection
EndGlobal
