
Microsoft Visual Studio Solution File, Format Version 10.00
# Visual Studio 2008
Project("{FAE04EC0-301F-11D3-BF4B-00C04F79EFBC}") = "AI_SynchronousOneBufferedAI", "AI_SynchronousOneBufferedAI.csproj", "{A1349E39-BA01-4D0C-BB25-7A56C430BF0E}"
EndProject
Global
	GlobalSection(SolutionConfigurationPlatforms) = preSolution
		Debug|Any CPU = Debug|Any CPU
		Release|Any CPU = Release|Any CPU
	EndGlobalSection
	GlobalSection(ProjectConfigurationPlatforms) = postSolution
		{A1349E39-BA01-4D0C-BB25-7A56C430BF0E}.Debug|Any CPU.ActiveCfg = Debug|Any CPU
		{A1349E39-BA01-4D0C-BB25-7A56C430BF0E}.Debug|Any CPU.Build.0 = Debug|Any CPU
		{A1349E39-BA01-4D0C-BB25-7A56C430BF0E}.Release|Any CPU.ActiveCfg = Release|Any CPU
		{A1349E39-BA01-4D0C-BB25-7A56C430BF0E}.Release|Any CPU.Build.0 = Release|Any CPU
	EndGlobalSection
	GlobalSection(SolutionProperties) = preSolution
		HideSolutionNode = FALSE
	EndGlobalSection
EndGlobal
