
Microsoft Visual Studio Solution File, Format Version 10.00
# Visual Studio 2008
Project("{8BC9CEB8-8B4A-11D0-8D11-00A0C91BC942}") = "DI_StaticDI", "StaticDI.vcproj", "{D36352EB-D12A-4013-B403-D3AA62C2E1D1}"
EndProject
Global
	GlobalSection(SolutionConfigurationPlatforms) = preSolution
		Debug|Win32 = Debug|Win32
		Release|Win32 = Release|Win32
	EndGlobalSection
	GlobalSection(ProjectConfigurationPlatforms) = postSolution
		{D36352EB-D12A-4013-B403-D3AA62C2E1D1}.Debug|Win32.ActiveCfg = Debug|Win32
		{D36352EB-D12A-4013-B403-D3AA62C2E1D1}.Debug|Win32.Build.0 = Debug|Win32
		{D36352EB-D12A-4013-B403-D3AA62C2E1D1}.Release|Win32.ActiveCfg = Release|Win32
		{D36352EB-D12A-4013-B403-D3AA62C2E1D1}.Release|Win32.Build.0 = Release|Win32
	EndGlobalSection
	GlobalSection(SolutionProperties) = preSolution
		HideSolutionNode = FALSE
	EndGlobalSection
EndGlobal
