
Microsoft Visual Studio Solution File, Format Version 10.00
# Visual Studio 2008
Project("{8BC9CEB8-8B4A-11D0-8D11-00A0C91BC942}") = "StaticDI", "StaticDI.vcproj", "{DD765EBB-0338-4C53-A696-4D0F1EAB5DF6}"
EndProject
Global
	GlobalSection(SolutionConfigurationPlatforms) = preSolution
		Debug|Win32 = Debug|Win32
		Release|Win32 = Release|Win32
	EndGlobalSection
	GlobalSection(ProjectConfigurationPlatforms) = postSolution
		{DD765EBB-0338-4C53-A696-4D0F1EAB5DF6}.Debug|Win32.ActiveCfg = Debug|Win32
		{DD765EBB-0338-4C53-A696-4D0F1EAB5DF6}.Debug|Win32.Build.0 = Debug|Win32
		{DD765EBB-0338-4C53-A696-4D0F1EAB5DF6}.Release|Win32.ActiveCfg = Release|Win32
		{DD765EBB-0338-4C53-A696-4D0F1EAB5DF6}.Release|Win32.Build.0 = Release|Win32
	EndGlobalSection
	GlobalSection(SolutionProperties) = preSolution
		HideSolutionNode = FALSE
	EndGlobalSection
EndGlobal
