
Microsoft Visual Studio Solution File, Format Version 10.00
# Visual Studio 2008
Project("{FAE04EC0-301F-11D3-BF4B-00C04F79EFBC}") = "DI_DIStatusChangeInterrupt", "DI_DIStatusChangeInterrupt.csproj", "{FC867D91-70A7-4E9A-A5B8-D21C0744F3DE}"
EndProject
Global
	GlobalSection(SolutionConfigurationPlatforms) = preSolution
		Debug|Any CPU = Debug|Any CPU
		Release|Any CPU = Release|Any CPU
	EndGlobalSection
	GlobalSection(ProjectConfigurationPlatforms) = postSolution
		{FC867D91-70A7-4E9A-A5B8-D21C0744F3DE}.Debug|Any CPU.ActiveCfg = Debug|Any CPU
		{FC867D91-70A7-4E9A-A5B8-D21C0744F3DE}.Debug|Any CPU.Build.0 = Debug|Any CPU
		{FC867D91-70A7-4E9A-A5B8-D21C0744F3DE}.Release|Any CPU.ActiveCfg = Release|Any CPU
		{FC867D91-70A7-4E9A-A5B8-D21C0744F3DE}.Release|Any CPU.Build.0 = Release|Any CPU
	EndGlobalSection
	GlobalSection(SolutionProperties) = preSolution
		HideSolutionNode = FALSE
	EndGlobalSection
EndGlobal
