
Microsoft Visual Studio Solution File, Format Version 10.00
# Visual Studio 2008
Project("{8BC9CEB8-8B4A-11D0-8D11-00A0C91BC942}") = "AI_PollingStreamingAI_Retrigger", "PollingStreamingAI_Retrigger.vcproj", "{5E36F24F-43BC-4B5E-8654-853EC41085A6}"
EndProject
Global
	GlobalSection(SolutionConfigurationPlatforms) = preSolution
		Debug|Win32 = Debug|Win32
		Release|Win32 = Release|Win32
	EndGlobalSection
	GlobalSection(ProjectConfigurationPlatforms) = postSolution
		{5E36F24F-43BC-4B5E-8654-853EC41085A6}.Debug|Win32.ActiveCfg = Debug|Win32
		{5E36F24F-43BC-4B5E-8654-853EC41085A6}.Debug|Win32.Build.0 = Debug|Win32
		{5E36F24F-43BC-4B5E-8654-853EC41085A6}.Release|Win32.ActiveCfg = Release|Win32
		{5E36F24F-43BC-4B5E-8654-853EC41085A6}.Release|Win32.Build.0 = Release|Win32
	EndGlobalSection
	GlobalSection(SolutionProperties) = preSolution
		HideSolutionNode = FALSE
	EndGlobalSection
EndGlobal
