
Microsoft Visual Studio Solution File, Format Version 10.00
# Visual Studio 2008
Project("{8BC9CEB8-8B4A-11D0-8D11-00A0C91BC942}") = "StaticDO", "StaticDO\StaticDO.vcproj", "{C3CD3E2E-2909-4F21-ABB0-EF207122EC57}"
EndProject
Project("{8BC9CEB8-8B4A-11D0-8D11-00A0C91BC942}") = "StaticDI", "StaticDI\StaticDI.vcproj", "{DD765EBB-0338-4C53-A696-4D0F1EAB5DF6}"
EndProject
Project("{8BC9CEB8-8B4A-11D0-8D11-00A0C91BC942}") = "DI_DIInterrupt", "DI_DIInterrupt\DIInterrupt.vcproj", "{3D9B63A7-785A-49D7-917C-0BDC54EB8AEB}"
EndProject
Project("{8BC9CEB8-8B4A-11D0-8D11-00A0C91BC942}") = "DI_DIPatternMatchInterrupt", "DI_DIPatternMatchInterrupt\DIPatternMatchInterrupt.vcproj", "{8513ECF7-9829-4B6C-A4CB-7CC25CFDA7E7}"
EndProject
Project("{8BC9CEB8-8B4A-11D0-8D11-00A0C91BC942}") = "DI_DIStatusChangeInterrupt", "DI_DIStatusChangeInterrupt\DIStatusChangeInterrupt.vcproj", "{6B05691C-CADD-4D2A-BCE8-1BEA084D2F6A}"
EndProject
Project("{8BC9CEB8-8B4A-11D0-8D11-00A0C91BC942}") = "AI_AsynchronousOneBufferedAI", "AI_AsynchronousOneBufferedAI\AsynchronousOneBufferedAI.vcproj", "{012FAA86-1919-4A65-84FA-E2E23B9510C5}"
EndProject
Project("{8BC9CEB8-8B4A-11D0-8D11-00A0C91BC942}") = "AI_AsynOneBufferedAI_TDtp", "AI_AsynOneBufferedAI_TDtp\AsynOneBufferedAI_TDtp.vcproj", "{FA693980-9BAB-43BE-8DA9-D5D2CC26A349}"
EndProject
Project("{8BC9CEB8-8B4A-11D0-8D11-00A0C91BC942}") = "AI_AsynOneBufferedAI_TDtr", "AI_AsynOneBufferedAI_TDtr\AsynOneBufferedAI_TDtr.vcproj", "{E6289B1D-90E7-4097-B40E-FBA526A43C17}"
EndProject
Project("{8BC9CEB8-8B4A-11D0-8D11-00A0C91BC942}") = "AI_AsynOneBufferedAI_TDtrtp", "AI_AsynOneBufferedAI_TDtrtp\AsynOneBufferedAI_TDtrtp.vcproj", "{8CEBD3D9-8864-452C-9250-FB14F3AE5E55}"
EndProject
Project("{8BC9CEB8-8B4A-11D0-8D11-00A0C91BC942}") = "AI_InstantAI", "AI_InstantAI\InstantAI.vcproj", "{9632F2C0-0F39-45C2-92CA-57C60A3B0ED7}"
EndProject
Project("{8BC9CEB8-8B4A-11D0-8D11-00A0C91BC942}") = "AI_PollingOneBufferedAI_TDtp", "AI_PollingOneBufferedAI_TDtp\PollingOneBufferedAI_TDtp.vcproj", "{04B02A61-72DC-440D-8E3A-87C1EBADA84C}"
EndProject
Project("{8BC9CEB8-8B4A-11D0-8D11-00A0C91BC942}") = "AI_PollingOneBufferedAI_TDtr", "AI_PollingOneBufferedAI_TDtr\PollingOneBufferedAI_TDtr.vcproj", "{9C3F08C8-5C74-49E6-9E2C-09F209288DEE}"
EndProject
Project("{8BC9CEB8-8B4A-11D0-8D11-00A0C91BC942}") = "AI_PollingOneBufferedAI_TDtrtp", "AI_PollingOneBufferedAI_TDtrtp\PollingOneBufferedAI_TDtrtp.vcproj", "{56E3A004-7E47-4F5E-A5BD-0D4AF9E85402}"
EndProject
Project("{8BC9CEB8-8B4A-11D0-8D11-00A0C91BC942}") = "AI_PollingStreamingAI", "AI_PollingStreamingAI\PollingStreamingAI.vcproj", "{1DF68BC2-97A5-4E0E-B3B3-C6260964131F}"
EndProject
Project("{8BC9CEB8-8B4A-11D0-8D11-00A0C91BC942}") = "AI_PollingStreamingAI_Retrigger", "AI_PollingStreamingAI_Retrigger\PollingStreamingAI_Retrigger.vcproj", "{5E36F24F-43BC-4B5E-8654-853EC41085A6}"
EndProject
Project("{8BC9CEB8-8B4A-11D0-8D11-00A0C91BC942}") = "AI_PollingStreamingAI_TDtr", "AI_PollingStreamingAI_TDtr\PollingStreamingAI_TDtr.vcproj", "{DE5AA55B-71ED-4BB3-9AD5-3B17C9ECE1DD}"
EndProject
Project("{8BC9CEB8-8B4A-11D0-8D11-00A0C91BC942}") = "AI_StreamingAI", "AI_StreamingAI\StreamingAI.vcproj", "{662024BE-B284-4914-8225-FDEF465611A9}"
EndProject
Project("{8BC9CEB8-8B4A-11D0-8D11-00A0C91BC942}") = "AI_StreamingAI_Retrigger", "AI_StreamingAI_Retrigger\StreamingAI_Retrigger.vcproj", "{1267F72F-1A98-45AB-85DF-0846842EC9AF}"
EndProject
Project("{8BC9CEB8-8B4A-11D0-8D11-00A0C91BC942}") = "AI_StreamingAI_TDtr", "AI_StreamingAI_TDtr\StreamingAI_TDtr.vcproj", "{F0FA903F-4C2C-4EAF-8B99-2CEBE7B35F92}"
EndProject
Project("{8BC9CEB8-8B4A-11D0-8D11-00A0C91BC942}") = "AI_StreamingAIWithSaving", "AI_StreamingAIWithSaving\StreamingAIWithSaving.vcproj", "{20B14F7A-1886-4EFD-B665-198BC708D86F}"
EndProject
Project("{8BC9CEB8-8B4A-11D0-8D11-00A0C91BC942}") = "AI_StreamingAIWithSavingForLinux", "AI_StreamingAIWithSavingForLinux\StreamingAIWithSavingForLinux.vcproj", "{675B29AF-6EC5-4D6E-8C57-589E30FFE492}"
EndProject
Project("{8BC9CEB8-8B4A-11D0-8D11-00A0C91BC942}") = "AO_AsynchronousOneWaveformAO", "AO_AsynchronousOneWaveformAO\AsynchronousOneWaveformAO.vcproj", "{1AA3590C-9356-4D19-BB94-3BCF44DD3B1B}"
EndProject
Project("{8BC9CEB8-8B4A-11D0-8D11-00A0C91BC942}") = "AO_StaticAO", "AO_StaticAO\StaticAO.vcproj", "{B9AA5DA5-8424-4C42-8F68-A46B71099106}"
EndProject
Project("{8BC9CEB8-8B4A-11D0-8D11-00A0C91BC942}") = "AO_StreamingAO", "AO_StreamingAO\StreamingAO.vcproj", "{DA78E5C7-FBAA-4295-B29B-17FB1A3C9A24}"
EndProject
Project("{8BC9CEB8-8B4A-11D0-8D11-00A0C91BC942}") = "AO_SynchronousOneWaveformAO", "AO_SynchronousOneWaveformAO\SynchronousOneWaveformAO.vcproj", "{4C200DB9-A51A-4451-9B53-B579839DEC65}"
EndProject
Project("{8BC9CEB8-8B4A-11D0-8D11-00A0C91BC942}") = "Counter_ContinueCompare", "Counter_ContinueCompare\ContinueCompare.vcproj", "{50A4C266-AE33-4354-B8E0-0A89358679A2}"
EndProject
Project("{8BC9CEB8-8B4A-11D0-8D11-00A0C91BC942}") = "Counter_DelayedPulseGeneration", "Counter_DelayedPulseGeneration\DelayedPulseGeneration.vcproj", "{CCE876B7-CDE8-4E86-8B81-C9B5F4BA1BDE}"
EndProject
Project("{8BC9CEB8-8B4A-11D0-8D11-00A0C91BC942}") = "Counter_EventCounter", "Counter_EventCounter\EventCounter.vcproj", "{AA04C884-6F84-42FD-8CA0-408E4EA59101}"
EndProject
Project("{8BC9CEB8-8B4A-11D0-8D11-00A0C91BC942}") = "Counter_FrequencyMeasurement", "Counter_FrequencyMeasurement\FrequencyMeasurement.vcproj", "{7F3845B5-F50D-49B3-8105-E1E1F1869620}"
EndProject
Project("{8BC9CEB8-8B4A-11D0-8D11-00A0C91BC942}") = "Counter_PulseOutputwithTimerInterrupt", "Counter_PulseOutputwithTimerInterrupt\PulseOutputwithTimerInterrupt.vcproj", "{9C6A83DD-A3C7-43C3-9D85-CBD6E2A09CC5}"
EndProject
Project("{8BC9CEB8-8B4A-11D0-8D11-00A0C91BC942}") = "Counter_PulseWidthMeasurement", "Counter_PulseWidthMeasurement\PulseWidthMeasurement.vcproj", "{AE75C21A-E50E-4F59-8414-EF47F21DAA09}"
EndProject
Project("{8BC9CEB8-8B4A-11D0-8D11-00A0C91BC942}") = "Counter_PWMOutput", "Counter_PWMOutput\PWMOutput.vcproj", "{EF972C31-9801-46A7-8FD2-AD94FA2400D7}"
EndProject
Project("{8BC9CEB8-8B4A-11D0-8D11-00A0C91BC942}") = "Counter_SnapCounter", "Counter_SnapCounter\SnapCounter.vcproj", "{DFE06392-D021-4BB6-9E19-AE1A33D6AF93}"
EndProject
Project("{8BC9CEB8-8B4A-11D0-8D11-00A0C91BC942}") = "Counter_UpDownCounter", "Counter_UpDownCounter\UpDownCounter.vcproj", "{2654F91D-38B2-4371-83C5-0FA2A9C6A697}"
EndProject
Project("{8BC9CEB8-8B4A-11D0-8D11-00A0C91BC942}") = "AI_SynchronousOneBufferedAI", "AI_SynchronousOneBufferedAI\SynchronousOneBufferedAI.vcproj", "{3A200AD2-8E53-47C8-9DEE-7EBF26551CBC}"
EndProject
Project("{8BC9CEB8-8B4A-11D0-8D11-00A0C91BC942}") = "Counter_BufferedEventCounter", "Counter_BufferedEventCounter\Counter_BufferedEventCounter.vcproj", "{54A6F0FC-EE6E-481C-8703-2A6D161ABC39}"
EndProject
Project("{8BC9CEB8-8B4A-11D0-8D11-00A0C91BC942}") = "Counter_BufferedPulseWidthMeasurement", "Counter_BufferedPulseWidthMeasurement\Counter_BufferedPulseWidthMeasurement.vcproj", "{13AE3E00-4B9F-469D-BB83-6EE82555B693}"
EndProject
Project("{8BC9CEB8-8B4A-11D0-8D11-00A0C91BC942}") = "Counter_BufferedPWMOutput", "Counter_BufferedPWMOutput\Counter_BufferedPWMOutput.vcproj", "{C8A1F824-7539-492B-A4C6-A786337C4A20}"
EndProject
Project("{8BC9CEB8-8B4A-11D0-8D11-00A0C91BC942}") = "Counter_BufferedUpDownCounter", "Counter_BufferedUpDownCounter\Counter_BufferedUpDownCounter.vcproj", "{ED38D05C-83EB-479C-BAE7-2AA898505D0A}"
EndProject
Global
	GlobalSection(SolutionConfigurationPlatforms) = preSolution
		Debug|Win32 = Debug|Win32
		Release|Win32 = Release|Win32
	EndGlobalSection
	GlobalSection(ProjectConfigurationPlatforms) = postSolution
		{C3CD3E2E-2909-4F21-ABB0-EF207122EC57}.Debug|Win32.ActiveCfg = Debug|Win32
		{C3CD3E2E-2909-4F21-ABB0-EF207122EC57}.Debug|Win32.Build.0 = Debug|Win32
		{C3CD3E2E-2909-4F21-ABB0-EF207122EC57}.Release|Win32.ActiveCfg = Release|Win32
		{C3CD3E2E-2909-4F21-ABB0-EF207122EC57}.Release|Win32.Build.0 = Release|Win32
		{DD765EBB-0338-4C53-A696-4D0F1EAB5DF6}.Debug|Win32.ActiveCfg = Debug|Win32
		{DD765EBB-0338-4C53-A696-4D0F1EAB5DF6}.Debug|Win32.Build.0 = Debug|Win32
		{DD765EBB-0338-4C53-A696-4D0F1EAB5DF6}.Release|Win32.ActiveCfg = Release|Win32
		{DD765EBB-0338-4C53-A696-4D0F1EAB5DF6}.Release|Win32.Build.0 = Release|Win32
		{3D9B63A7-785A-49D7-917C-0BDC54EB8AEB}.Debug|Win32.ActiveCfg = Debug|Win32
		{3D9B63A7-785A-49D7-917C-0BDC54EB8AEB}.Debug|Win32.Build.0 = Debug|Win32
		{3D9B63A7-785A-49D7-917C-0BDC54EB8AEB}.Release|Win32.ActiveCfg = Release|Win32
		{3D9B63A7-785A-49D7-917C-0BDC54EB8AEB}.Release|Win32.Build.0 = Release|Win32
		{8513ECF7-9829-4B6C-A4CB-7CC25CFDA7E7}.Debug|Win32.ActiveCfg = Debug|Win32
		{8513ECF7-9829-4B6C-A4CB-7CC25CFDA7E7}.Debug|Win32.Build.0 = Debug|Win32
		{8513ECF7-9829-4B6C-A4CB-7CC25CFDA7E7}.Release|Win32.ActiveCfg = Release|Win32
		{8513ECF7-9829-4B6C-A4CB-7CC25CFDA7E7}.Release|Win32.Build.0 = Release|Win32
		{6B05691C-CADD-4D2A-BCE8-1BEA084D2F6A}.Debug|Win32.ActiveCfg = Debug|Win32
		{6B05691C-CADD-4D2A-BCE8-1BEA084D2F6A}.Debug|Win32.Build.0 = Debug|Win32
		{6B05691C-CADD-4D2A-BCE8-1BEA084D2F6A}.Release|Win32.ActiveCfg = Release|Win32
		{6B05691C-CADD-4D2A-BCE8-1BEA084D2F6A}.Release|Win32.Build.0 = Release|Win32
		{012FAA86-1919-4A65-84FA-E2E23B9510C5}.Debug|Win32.ActiveCfg = Debug|Win32
		{012FAA86-1919-4A65-84FA-E2E23B9510C5}.Debug|Win32.Build.0 = Debug|Win32
		{012FAA86-1919-4A65-84FA-E2E23B9510C5}.Release|Win32.ActiveCfg = Release|Win32
		{012FAA86-1919-4A65-84FA-E2E23B9510C5}.Release|Win32.Build.0 = Release|Win32
		{FA693980-9BAB-43BE-8DA9-D5D2CC26A349}.Debug|Win32.ActiveCfg = Debug|Win32
		{FA693980-9BAB-43BE-8DA9-D5D2CC26A349}.Debug|Win32.Build.0 = Debug|Win32
		{FA693980-9BAB-43BE-8DA9-D5D2CC26A349}.Release|Win32.ActiveCfg = Release|Win32
		{FA693980-9BAB-43BE-8DA9-D5D2CC26A349}.Release|Win32.Build.0 = Release|Win32
		{E6289B1D-90E7-4097-B40E-FBA526A43C17}.Debug|Win32.ActiveCfg = Debug|Win32
		{E6289B1D-90E7-4097-B40E-FBA526A43C17}.Debug|Win32.Build.0 = Debug|Win32
		{E6289B1D-90E7-4097-B40E-FBA526A43C17}.Release|Win32.ActiveCfg = Release|Win32
		{E6289B1D-90E7-4097-B40E-FBA526A43C17}.Release|Win32.Build.0 = Release|Win32
		{8CEBD3D9-8864-452C-9250-FB14F3AE5E55}.Debug|Win32.ActiveCfg = Debug|Win32
		{8CEBD3D9-8864-452C-9250-FB14F3AE5E55}.Debug|Win32.Build.0 = Debug|Win32
		{8CEBD3D9-8864-452C-9250-FB14F3AE5E55}.Release|Win32.ActiveCfg = Release|Win32
		{8CEBD3D9-8864-452C-9250-FB14F3AE5E55}.Release|Win32.Build.0 = Release|Win32
		{9632F2C0-0F39-45C2-92CA-57C60A3B0ED7}.Debug|Win32.ActiveCfg = Debug|Win32
		{9632F2C0-0F39-45C2-92CA-57C60A3B0ED7}.Debug|Win32.Build.0 = Debug|Win32
		{9632F2C0-0F39-45C2-92CA-57C60A3B0ED7}.Release|Win32.ActiveCfg = Release|Win32
		{9632F2C0-0F39-45C2-92CA-57C60A3B0ED7}.Release|Win32.Build.0 = Release|Win32
		{04B02A61-72DC-440D-8E3A-87C1EBADA84C}.Debug|Win32.ActiveCfg = Debug|Win32
		{04B02A61-72DC-440D-8E3A-87C1EBADA84C}.Debug|Win32.Build.0 = Debug|Win32
		{04B02A61-72DC-440D-8E3A-87C1EBADA84C}.Release|Win32.ActiveCfg = Release|Win32
		{04B02A61-72DC-440D-8E3A-87C1EBADA84C}.Release|Win32.Build.0 = Release|Win32
		{9C3F08C8-5C74-49E6-9E2C-09F209288DEE}.Debug|Win32.ActiveCfg = Debug|Win32
		{9C3F08C8-5C74-49E6-9E2C-09F209288DEE}.Debug|Win32.Build.0 = Debug|Win32
		{9C3F08C8-5C74-49E6-9E2C-09F209288DEE}.Release|Win32.ActiveCfg = Release|Win32
		{9C3F08C8-5C74-49E6-9E2C-09F209288DEE}.Release|Win32.Build.0 = Release|Win32
		{56E3A004-7E47-4F5E-A5BD-0D4AF9E85402}.Debug|Win32.ActiveCfg = Debug|Win32
		{56E3A004-7E47-4F5E-A5BD-0D4AF9E85402}.Debug|Win32.Build.0 = Debug|Win32
		{56E3A004-7E47-4F5E-A5BD-0D4AF9E85402}.Release|Win32.ActiveCfg = Release|Win32
		{56E3A004-7E47-4F5E-A5BD-0D4AF9E85402}.Release|Win32.Build.0 = Release|Win32
		{1DF68BC2-97A5-4E0E-B3B3-C6260964131F}.Debug|Win32.ActiveCfg = Debug|Win32
		{1DF68BC2-97A5-4E0E-B3B3-C6260964131F}.Debug|Win32.Build.0 = Debug|Win32
		{1DF68BC2-97A5-4E0E-B3B3-C6260964131F}.Release|Win32.ActiveCfg = Release|Win32
		{1DF68BC2-97A5-4E0E-B3B3-C6260964131F}.Release|Win32.Build.0 = Release|Win32
		{5E36F24F-43BC-4B5E-8654-853EC41085A6}.Debug|Win32.ActiveCfg = Debug|Win32
		{5E36F24F-43BC-4B5E-8654-853EC41085A6}.Debug|Win32.Build.0 = Debug|Win32
		{5E36F24F-43BC-4B5E-8654-853EC41085A6}.Release|Win32.ActiveCfg = Release|Win32
		{5E36F24F-43BC-4B5E-8654-853EC41085A6}.Release|Win32.Build.0 = Release|Win32
		{DE5AA55B-71ED-4BB3-9AD5-3B17C9ECE1DD}.Debug|Win32.ActiveCfg = Debug|Win32
		{DE5AA55B-71ED-4BB3-9AD5-3B17C9ECE1DD}.Debug|Win32.Build.0 = Debug|Win32
		{DE5AA55B-71ED-4BB3-9AD5-3B17C9ECE1DD}.Release|Win32.ActiveCfg = Release|Win32
		{DE5AA55B-71ED-4BB3-9AD5-3B17C9ECE1DD}.Release|Win32.Build.0 = Release|Win32
		{662024BE-B284-4914-8225-FDEF465611A9}.Debug|Win32.ActiveCfg = Debug|Win32
		{662024BE-B284-4914-8225-FDEF465611A9}.Debug|Win32.Build.0 = Debug|Win32
		{662024BE-B284-4914-8225-FDEF465611A9}.Release|Win32.ActiveCfg = Release|Win32
		{662024BE-B284-4914-8225-FDEF465611A9}.Release|Win32.Build.0 = Release|Win32
		{1267F72F-1A98-45AB-85DF-0846842EC9AF}.Debug|Win32.ActiveCfg = Debug|Win32
		{1267F72F-1A98-45AB-85DF-0846842EC9AF}.Debug|Win32.Build.0 = Debug|Win32
		{1267F72F-1A98-45AB-85DF-0846842EC9AF}.Release|Win32.ActiveCfg = Release|Win32
		{1267F72F-1A98-45AB-85DF-0846842EC9AF}.Release|Win32.Build.0 = Release|Win32
		{F0FA903F-4C2C-4EAF-8B99-2CEBE7B35F92}.Debug|Win32.ActiveCfg = Debug|Win32
		{F0FA903F-4C2C-4EAF-8B99-2CEBE7B35F92}.Debug|Win32.Build.0 = Debug|Win32
		{F0FA903F-4C2C-4EAF-8B99-2CEBE7B35F92}.Release|Win32.ActiveCfg = Release|Win32
		{F0FA903F-4C2C-4EAF-8B99-2CEBE7B35F92}.Release|Win32.Build.0 = Release|Win32
		{20B14F7A-1886-4EFD-B665-198BC708D86F}.Debug|Win32.ActiveCfg = Debug|Win32
		{20B14F7A-1886-4EFD-B665-198BC708D86F}.Debug|Win32.Build.0 = Debug|Win32
		{20B14F7A-1886-4EFD-B665-198BC708D86F}.Release|Win32.ActiveCfg = Release|Win32
		{20B14F7A-1886-4EFD-B665-198BC708D86F}.Release|Win32.Build.0 = Release|Win32
		{675B29AF-6EC5-4D6E-8C57-589E30FFE492}.Debug|Win32.ActiveCfg = Debug|Win32
		{675B29AF-6EC5-4D6E-8C57-589E30FFE492}.Debug|Win32.Build.0 = Debug|Win32
		{675B29AF-6EC5-4D6E-8C57-589E30FFE492}.Release|Win32.ActiveCfg = Release|Win32
		{675B29AF-6EC5-4D6E-8C57-589E30FFE492}.Release|Win32.Build.0 = Release|Win32
		{1AA3590C-9356-4D19-BB94-3BCF44DD3B1B}.Debug|Win32.ActiveCfg = Debug|Win32
		{1AA3590C-9356-4D19-BB94-3BCF44DD3B1B}.Debug|Win32.Build.0 = Debug|Win32
		{1AA3590C-9356-4D19-BB94-3BCF44DD3B1B}.Release|Win32.ActiveCfg = Release|Win32
		{1AA3590C-9356-4D19-BB94-3BCF44DD3B1B}.Release|Win32.Build.0 = Release|Win32
		{B9AA5DA5-8424-4C42-8F68-A46B71099106}.Debug|Win32.ActiveCfg = Debug|Win32
		{B9AA5DA5-8424-4C42-8F68-A46B71099106}.Debug|Win32.Build.0 = Debug|Win32
		{B9AA5DA5-8424-4C42-8F68-A46B71099106}.Release|Win32.ActiveCfg = Release|Win32
		{B9AA5DA5-8424-4C42-8F68-A46B71099106}.Release|Win32.Build.0 = Release|Win32
		{DA78E5C7-FBAA-4295-B29B-17FB1A3C9A24}.Debug|Win32.ActiveCfg = Debug|Win32
		{DA78E5C7-FBAA-4295-B29B-17FB1A3C9A24}.Debug|Win32.Build.0 = Debug|Win32
		{DA78E5C7-FBAA-4295-B29B-17FB1A3C9A24}.Release|Win32.ActiveCfg = Release|Win32
		{DA78E5C7-FBAA-4295-B29B-17FB1A3C9A24}.Release|Win32.Build.0 = Release|Win32
		{4C200DB9-A51A-4451-9B53-B579839DEC65}.Debug|Win32.ActiveCfg = Debug|Win32
		{4C200DB9-A51A-4451-9B53-B579839DEC65}.Debug|Win32.Build.0 = Debug|Win32
		{4C200DB9-A51A-4451-9B53-B579839DEC65}.Release|Win32.ActiveCfg = Release|Win32
		{4C200DB9-A51A-4451-9B53-B579839DEC65}.Release|Win32.Build.0 = Release|Win32
		{50A4C266-AE33-4354-B8E0-0A89358679A2}.Debug|Win32.ActiveCfg = Debug|Win32
		{50A4C266-AE33-4354-B8E0-0A89358679A2}.Debug|Win32.Build.0 = Debug|Win32
		{50A4C266-AE33-4354-B8E0-0A89358679A2}.Release|Win32.ActiveCfg = Release|Win32
		{50A4C266-AE33-4354-B8E0-0A89358679A2}.Release|Win32.Build.0 = Release|Win32
		{CCE876B7-CDE8-4E86-8B81-C9B5F4BA1BDE}.Debug|Win32.ActiveCfg = Debug|Win32
		{CCE876B7-CDE8-4E86-8B81-C9B5F4BA1BDE}.Debug|Win32.Build.0 = Debug|Win32
		{CCE876B7-CDE8-4E86-8B81-C9B5F4BA1BDE}.Release|Win32.ActiveCfg = Release|Win32
		{CCE876B7-CDE8-4E86-8B81-C9B5F4BA1BDE}.Release|Win32.Build.0 = Release|Win32
		{AA04C884-6F84-42FD-8CA0-408E4EA59101}.Debug|Win32.ActiveCfg = Debug|Win32
		{AA04C884-6F84-42FD-8CA0-408E4EA59101}.Debug|Win32.Build.0 = Debug|Win32
		{AA04C884-6F84-42FD-8CA0-408E4EA59101}.Release|Win32.ActiveCfg = Release|Win32
		{AA04C884-6F84-42FD-8CA0-408E4EA59101}.Release|Win32.Build.0 = Release|Win32
		{7F3845B5-F50D-49B3-8105-E1E1F1869620}.Debug|Win32.ActiveCfg = Debug|Win32
		{7F3845B5-F50D-49B3-8105-E1E1F1869620}.Debug|Win32.Build.0 = Debug|Win32
		{7F3845B5-F50D-49B3-8105-E1E1F1869620}.Release|Win32.ActiveCfg = Release|Win32
		{7F3845B5-F50D-49B3-8105-E1E1F1869620}.Release|Win32.Build.0 = Release|Win32
		{9C6A83DD-A3C7-43C3-9D85-CBD6E2A09CC5}.Debug|Win32.ActiveCfg = Debug|Win32
		{9C6A83DD-A3C7-43C3-9D85-CBD6E2A09CC5}.Debug|Win32.Build.0 = Debug|Win32
		{9C6A83DD-A3C7-43C3-9D85-CBD6E2A09CC5}.Release|Win32.ActiveCfg = Release|Win32
		{9C6A83DD-A3C7-43C3-9D85-CBD6E2A09CC5}.Release|Win32.Build.0 = Release|Win32
		{AE75C21A-E50E-4F59-8414-EF47F21DAA09}.Debug|Win32.ActiveCfg = Debug|Win32
		{AE75C21A-E50E-4F59-8414-EF47F21DAA09}.Debug|Win32.Build.0 = Debug|Win32
		{AE75C21A-E50E-4F59-8414-EF47F21DAA09}.Release|Win32.ActiveCfg = Release|Win32
		{AE75C21A-E50E-4F59-8414-EF47F21DAA09}.Release|Win32.Build.0 = Release|Win32
		{EF972C31-9801-46A7-8FD2-AD94FA2400D7}.Debug|Win32.ActiveCfg = Debug|Win32
		{EF972C31-9801-46A7-8FD2-AD94FA2400D7}.Debug|Win32.Build.0 = Debug|Win32
		{EF972C31-9801-46A7-8FD2-AD94FA2400D7}.Release|Win32.ActiveCfg = Release|Win32
		{EF972C31-9801-46A7-8FD2-AD94FA2400D7}.Release|Win32.Build.0 = Release|Win32
		{DFE06392-D021-4BB6-9E19-AE1A33D6AF93}.Debug|Win32.ActiveCfg = Debug|Win32
		{DFE06392-D021-4BB6-9E19-AE1A33D6AF93}.Debug|Win32.Build.0 = Debug|Win32
		{DFE06392-D021-4BB6-9E19-AE1A33D6AF93}.Release|Win32.ActiveCfg = Release|Win32
		{DFE06392-D021-4BB6-9E19-AE1A33D6AF93}.Release|Win32.Build.0 = Release|Win32
		{2654F91D-38B2-4371-83C5-0FA2A9C6A697}.Debug|Win32.ActiveCfg = Debug|Win32
		{2654F91D-38B2-4371-83C5-0FA2A9C6A697}.Debug|Win32.Build.0 = Debug|Win32
		{2654F91D-38B2-4371-83C5-0FA2A9C6A697}.Release|Win32.ActiveCfg = Release|Win32
		{2654F91D-38B2-4371-83C5-0FA2A9C6A697}.Release|Win32.Build.0 = Release|Win32
		{3A200AD2-8E53-47C8-9DEE-7EBF26551CBC}.Debug|Win32.ActiveCfg = Debug|Win32
		{3A200AD2-8E53-47C8-9DEE-7EBF26551CBC}.Debug|Win32.Build.0 = Debug|Win32
		{3A200AD2-8E53-47C8-9DEE-7EBF26551CBC}.Release|Win32.ActiveCfg = Release|Win32
		{3A200AD2-8E53-47C8-9DEE-7EBF26551CBC}.Release|Win32.Build.0 = Release|Win32
		{54A6F0FC-EE6E-481C-8703-2A6D161ABC39}.Debug|Win32.ActiveCfg = Debug|Win32
		{54A6F0FC-EE6E-481C-8703-2A6D161ABC39}.Debug|Win32.Build.0 = Debug|Win32
		{54A6F0FC-EE6E-481C-8703-2A6D161ABC39}.Release|Win32.ActiveCfg = Release|Win32
		{54A6F0FC-EE6E-481C-8703-2A6D161ABC39}.Release|Win32.Build.0 = Release|Win32
		{13AE3E00-4B9F-469D-BB83-6EE82555B693}.Debug|Win32.ActiveCfg = Debug|Win32
		{13AE3E00-4B9F-469D-BB83-6EE82555B693}.Debug|Win32.Build.0 = Debug|Win32
		{13AE3E00-4B9F-469D-BB83-6EE82555B693}.Release|Win32.ActiveCfg = Release|Win32
		{13AE3E00-4B9F-469D-BB83-6EE82555B693}.Release|Win32.Build.0 = Release|Win32
		{C8A1F824-7539-492B-A4C6-A786337C4A20}.Debug|Win32.ActiveCfg = Debug|Win32
		{C8A1F824-7539-492B-A4C6-A786337C4A20}.Debug|Win32.Build.0 = Debug|Win32
		{C8A1F824-7539-492B-A4C6-A786337C4A20}.Release|Win32.ActiveCfg = Release|Win32
		{C8A1F824-7539-492B-A4C6-A786337C4A20}.Release|Win32.Build.0 = Release|Win32
		{ED38D05C-83EB-479C-BAE7-2AA898505D0A}.Debug|Win32.ActiveCfg = Debug|Win32
		{ED38D05C-83EB-479C-BAE7-2AA898505D0A}.Debug|Win32.Build.0 = Debug|Win32
		{ED38D05C-83EB-479C-BAE7-2AA898505D0A}.Release|Win32.ActiveCfg = Release|Win32
		{ED38D05C-83EB-479C-BAE7-2AA898505D0A}.Release|Win32.Build.0 = Release|Win32
	EndGlobalSection
	GlobalSection(SolutionProperties) = preSolution
		HideSolutionNode = FALSE
	EndGlobalSection
EndGlobal
