
Microsoft Visual Studio Solution File, Format Version 10.00
# Visual Studio 2008
Project("{8BC9CEB8-8B4A-11D0-8D11-00A0C91BC942}") = "AI_StreamingAI_TDtr", "StreamingAI_TDtr.vcproj", "{819CAC18-2CAC-4CF0-BBD0-3E283D76E856}"
EndProject
Global
	GlobalSection(SolutionConfigurationPlatforms) = preSolution
		Debug|Win32 = Debug|Win32
		Release|Win32 = Release|Win32
	EndGlobalSection
	GlobalSection(ProjectConfigurationPlatforms) = postSolution
		{819CAC18-2CAC-4CF0-BBD0-3E283D76E856}.Debug|Win32.ActiveCfg = Debug|Win32
		{819CAC18-2CAC-4CF0-BBD0-3E283D76E856}.Debug|Win32.Build.0 = Debug|Win32
		{819CAC18-2CAC-4CF0-BBD0-3E283D76E856}.Release|Win32.ActiveCfg = Release|Win32
		{819CAC18-2CAC-4CF0-BBD0-3E283D76E856}.Release|Win32.Build.0 = Release|Win32
	EndGlobalSection
	GlobalSection(SolutionProperties) = preSolution
		HideSolutionNode = FALSE
	EndGlobalSection
EndGlobal
