
Microsoft Visual Studio Solution File, Format Version 10.00
# Visual Studio 2008
Project("{8BC9CEB8-8B4A-11D0-8D11-00A0C91BC942}") = "AI_PollingOneBufferedAI_TDtp", "PollingOneBufferedAI_TDtp.vcproj", "{04B02A61-72DC-440D-8E3A-87C1EBADA84C}"
EndProject
Global
	GlobalSection(SolutionConfigurationPlatforms) = preSolution
		Debug|Win32 = Debug|Win32
		Release|Win32 = Release|Win32
	EndGlobalSection
	GlobalSection(ProjectConfigurationPlatforms) = postSolution
		{04B02A61-72DC-440D-8E3A-87C1EBADA84C}.Debug|Win32.ActiveCfg = Debug|Win32
		{04B02A61-72DC-440D-8E3A-87C1EBADA84C}.Debug|Win32.Build.0 = Debug|Win32
		{04B02A61-72DC-440D-8E3A-87C1EBADA84C}.Release|Win32.ActiveCfg = Release|Win32
		{04B02A61-72DC-440D-8E3A-87C1EBADA84C}.Release|Win32.Build.0 = Release|Win32
	EndGlobalSection
	GlobalSection(SolutionProperties) = preSolution
		HideSolutionNode = FALSE
	EndGlobalSection
EndGlobal
