
Microsoft Visual Studio Solution File, Format Version 10.00
# Visual Studio 2008
Project("{8BC9CEB8-8B4A-11D0-8D11-00A0C91BC942}") = "Counter_FrequencyMeasurement", "FrequencyMeasurement.vcproj", "{7F3845B5-F50D-49B3-8105-E1E1F1869620}"
EndProject
Global
	GlobalSection(SolutionConfigurationPlatforms) = preSolution
		Debug|Win32 = Debug|Win32
		Release|Win32 = Release|Win32
	EndGlobalSection
	GlobalSection(ProjectConfigurationPlatforms) = postSolution
		{7F3845B5-F50D-49B3-8105-E1E1F1869620}.Debug|Win32.ActiveCfg = Debug|Win32
		{7F3845B5-F50D-49B3-8105-E1E1F1869620}.Debug|Win32.Build.0 = Debug|Win32
		{7F3845B5-F50D-49B3-8105-E1E1F1869620}.Release|Win32.ActiveCfg = Release|Win32
		{7F3845B5-F50D-49B3-8105-E1E1F1869620}.Release|Win32.Build.0 = Release|Win32
	EndGlobalSection
	GlobalSection(SolutionProperties) = preSolution
		HideSolutionNode = FALSE
	EndGlobalSection
EndGlobal
