
Microsoft Visual Studio Solution File, Format Version 10.00
# Visual Studio 2008
Project("{FAE04EC0-301F-11D3-BF4B-00C04F79EFBC}") = "AO_AsynchronousOneWaveformAO", "AO_AsynchronousOneWaveformAO.csproj", "{8159080A-525C-4A4D-916F-5194EB667D17}"
EndProject
Global
	GlobalSection(SolutionConfigurationPlatforms) = preSolution
		Debug|Any CPU = Debug|Any CPU
		Debug|x64 = Debug|x64
		Release|Any CPU = Release|Any CPU
		Release|x64 = Release|x64
	EndGlobalSection
	GlobalSection(ProjectConfigurationPlatforms) = postSolution
		{8159080A-525C-4A4D-916F-5194EB667D17}.Debug|Any CPU.ActiveCfg = Debug|Any CPU
		{8159080A-525C-4A4D-916F-5194EB667D17}.Debug|Any CPU.Build.0 = Debug|Any CPU
		{8159080A-525C-4A4D-916F-5194EB667D17}.Debug|x64.ActiveCfg = Debug|x64
		{8159080A-525C-4A4D-916F-5194EB667D17}.Debug|x64.Build.0 = Debug|x64
		{8159080A-525C-4A4D-916F-5194EB667D17}.Release|Any CPU.ActiveCfg = Release|Any CPU
		{8159080A-525C-4A4D-916F-5194EB667D17}.Release|Any CPU.Build.0 = Release|Any CPU
		{8159080A-525C-4A4D-916F-5194EB667D17}.Release|x64.ActiveCfg = Release|x64
		{8159080A-525C-4A4D-916F-5194EB667D17}.Release|x64.Build.0 = Release|x64
	EndGlobalSection
	GlobalSection(SolutionProperties) = preSolution
		HideSolutionNode = FALSE
	EndGlobalSection
EndGlobal
