
Microsoft Visual Studio Solution File, Format Version 10.00
# Visual Studio 2008
Project("{8BC9CEB8-8B4A-11D0-8D11-00A0C91BC942}") = "AI_AsynOneBufferedAI_TDtrtp", "AsynOneBufferedAI_TDtrtp.vcproj", "{57D7E8C6-8C71-4311-BA14-69D020BE4E81}"
EndProject
Global
	GlobalSection(SolutionConfigurationPlatforms) = preSolution
		Debug|Win32 = Debug|Win32
		Release|Win32 = Release|Win32
	EndGlobalSection
	GlobalSection(ProjectConfigurationPlatforms) = postSolution
		{57D7E8C6-8C71-4311-BA14-69D020BE4E81}.Debug|Win32.ActiveCfg = Debug|Win32
		{57D7E8C6-8C71-4311-BA14-69D020BE4E81}.Debug|Win32.Build.0 = Debug|Win32
		{57D7E8C6-8C71-4311-BA14-69D020BE4E81}.Release|Win32.ActiveCfg = Release|Win32
		{57D7E8C6-8C71-4311-BA14-69D020BE4E81}.Release|Win32.Build.0 = Release|Win32
	EndGlobalSection
	GlobalSection(SolutionProperties) = preSolution
		HideSolutionNode = FALSE
	EndGlobalSection
EndGlobal
