
Microsoft Visual Studio Solution File, Format Version 10.00
# Visual Studio 2008
Project("{8BC9CEB8-8B4A-11D0-8D11-00A0C91BC942}") = "AI_PollingStreamingAI", "PollingStreamingAI.vcproj", "{2765D138-6219-4728-BBAE-3E965F486517}"
EndProject
Global
	GlobalSection(SolutionConfigurationPlatforms) = preSolution
		Debug|Win32 = Debug|Win32
		Release|Win32 = Release|Win32
	EndGlobalSection
	GlobalSection(ProjectConfigurationPlatforms) = postSolution
		{2765D138-6219-4728-BBAE-3E965F486517}.Debug|Win32.ActiveCfg = Debug|Win32
		{2765D138-6219-4728-BBAE-3E965F486517}.Debug|Win32.Build.0 = Debug|Win32
		{2765D138-6219-4728-BBAE-3E965F486517}.Release|Win32.ActiveCfg = Release|Win32
		{2765D138-6219-4728-BBAE-3E965F486517}.Release|Win32.Build.0 = Release|Win32
	EndGlobalSection
	GlobalSection(SolutionProperties) = preSolution
		HideSolutionNode = FALSE
	EndGlobalSection
EndGlobal
