
Microsoft Visual Studio Solution File, Format Version 10.00
# Visual Studio 2008
Project("{FAE04EC0-301F-11D3-BF4B-00C04F79EFBC}") = "AI_AsynchronousOneBufferedAI", "AI_AsynchronousOneBufferedAI\AI_AsynchronousOneBufferedAI.csproj", "{E3DEF1B9-4DE7-4CA9-85CF-0F40F4A4C5B9}"
EndProject
Project("{FAE04EC0-301F-11D3-BF4B-00C04F79EFBC}") = "AI_InstantAI", "AI_InstantAI\AI_InstantAI.csproj", "{DB2D1C6E-591A-494A-931D-7004F8A558C0}"
EndProject
Project("{FAE04EC0-301F-11D3-BF4B-00C04F79EFBC}") = "AI_StreamingAI", "AI_StreamingAI\AI_StreamingAI.csproj", "{B04BEA06-9EE7-49E3-B4DE-46B1D4AD6367}"
EndProject
Project("{FAE04EC0-301F-11D3-BF4B-00C04F79EFBC}") = "AI_SynchronousOneBufferedAI", "AI_SynchronousOneBufferedAI\AI_SynchronousOneBufferedAI.csproj", "{8C66E3CF-56F6-46D2-9E14-C877D3F0F4E3}"
EndProject
Project("{FAE04EC0-301F-11D3-BF4B-00C04F79EFBC}") = "AO_AsynchronousOneWaveformAO", "AO_AsynchronousOneWaveformAO\AO_AsynchronousOneWaveformAO.csproj", "{8159080A-525C-4A4D-916F-5194EB667D17}"
EndProject
Project("{FAE04EC0-301F-11D3-BF4B-00C04F79EFBC}") = "AO_StaticAO", "AO_StaticAO\AO_StaticAO.csproj", "{8208085B-14B4-4695-9E1D-50E31CAB7633}"
EndProject
Project("{FAE04EC0-301F-11D3-BF4B-00C04F79EFBC}") = "AO_StreamingAO", "AO_StreamingAO\AO_StreamingAO.csproj", "{01E7BA7E-AAC2-4743-88B2-F622E24FBC99}"
EndProject
Project("{FAE04EC0-301F-11D3-BF4B-00C04F79EFBC}") = "AO_SynchronousOneWaveformAO", "AO_SynchronousOneWaveformAO\AO_SynchronousOneWaveformAO.csproj", "{8006293D-1219-4785-AFA6-66AE8BBFB346}"
EndProject
Project("{FAE04EC0-301F-11D3-BF4B-00C04F79EFBC}") = "Counter_DelayedPulseGeneration", "Counter_DelayedPulseGeneration\Counter_DelayedPulseGeneration.csproj", "{0C1A9E30-7D8A-4E17-B6A6-723E75FF6505}"
EndProject
Project("{FAE04EC0-301F-11D3-BF4B-00C04F79EFBC}") = "Counter_EventCounter", "Counter_EventCounter\Counter_EventCounter.csproj", "{756A7AA2-F6CD-460E-8143-21EFFCC2C1E5}"
EndProject
Project("{FAE04EC0-301F-11D3-BF4B-00C04F79EFBC}") = "Counter_FrequencyMeasurement", "Counter_FrequencyMeasurement\Counter_FrequencyMeasurement.csproj", "{7D247659-9146-4DDA-85F6-14416D666696}"
EndProject
Project("{FAE04EC0-301F-11D3-BF4B-00C04F79EFBC}") = "Counter_PulseOutputwithTimerInterrupt", "Counter_PulseOutputwithTimerInterrupt\Counter_PulseOutputwithTimerInterrupt.csproj", "{3DEE559B-B6C9-4F8C-A159-00A9527D57EB}"
EndProject
Project("{FAE04EC0-301F-11D3-BF4B-00C04F79EFBC}") = "Counter_PulseWidthMeasurement", "Counter_PulseWidthMeasurement\Counter_PulseWidthMeasurement.csproj", "{E2DB9123-9565-4D52-AD4E-3E151159D84E}"
EndProject
Project("{FAE04EC0-301F-11D3-BF4B-00C04F79EFBC}") = "Counter_PWMOutput", "Counter_PWMOutput\Counter_PWMOutput.csproj", "{7BAAF1FE-D6FC-4DB4-9313-9967F7AA9119}"
EndProject
Project("{FAE04EC0-301F-11D3-BF4B-00C04F79EFBC}") = "DI_DIStatusChangeInterrupt", "DI_DIStatusChangeInterrupt\DI_DIStatusChangeInterrupt.csproj", "{FC867D91-70A7-4E9A-A5B8-D21C0744F3DE}"
EndProject
Project("{FAE04EC0-301F-11D3-BF4B-00C04F79EFBC}") = "DI_StaticDI", "DI_StaticDI\DI_StaticDI.csproj", "{06502DA2-79D2-430E-A76E-63FC200993FF}"
EndProject
Project("{FAE04EC0-301F-11D3-BF4B-00C04F79EFBC}") = "DO_StaticDO", "DO_StaticDO\DO_StaticDO.csproj", "{9C049BE5-0B76-4C7C-8AD8-B7C6E5935B24}"
EndProject
Project("{FAE04EC0-301F-11D3-BF4B-00C04F79EFBC}") = "DI_DIInterrupt", "DI_DIInterrupt\DI_DIInterrupt.csproj", "{2606360B-6620-43ED-B9E0-57B11E8B1886}"
EndProject
Project("{FAE04EC0-301F-11D3-BF4B-00C04F79EFBC}") = "DI_DIPatternMatchInterrupt", "DI_DIPatternMatchInterrupt\DI_DIPatternMatchInterrupt.csproj", "{593404E8-F7E8-4397-8929-19EB7BBB5E6A}"
EndProject
Project("{FAE04EC0-301F-11D3-BF4B-00C04F79EFBC}") = "AI_AsynOneBufferedAI_TDtp", "AI_AsynOneBufferedAI_TDtp\AI_AsynOneBufferedAI_TDtp.csproj", "{F80EFC32-4E17-4A27-BA5D-EB7728997F9C}"
EndProject
Project("{FAE04EC0-301F-11D3-BF4B-00C04F79EFBC}") = "AI_AsynOneBufferedAI_TDtr", "AI_AsynOneBufferedAI_TDtr\AI_AsynOneBufferedAI_TDtr.csproj", "{E5A9DE27-1A0A-40FA-AA9A-770C9F2FC200}"
EndProject
Project("{FAE04EC0-301F-11D3-BF4B-00C04F79EFBC}") = "AI_StreamingAI_TDtr", "AI_StreamingAI_TDtr\AI_StreamingAI_TDtr.csproj", "{25DCEE84-1253-42AA-A6DC-B6333DE555B1}"
EndProject
Project("{FAE04EC0-301F-11D3-BF4B-00C04F79EFBC}") = "Counter_ContinueCompare", "Counter_ContinueCompare\Counter_ContinueCompare.csproj", "{620DEF47-3982-4677-A153-821C9C312C59}"
EndProject
Project("{FAE04EC0-301F-11D3-BF4B-00C04F79EFBC}") = "Counter_SnapCounter", "Counter_SnapCounter\Counter_SnapCounter.csproj", "{73480102-D6EC-4F11-B0DB-E8A98D137290}"
EndProject
Project("{FAE04EC0-301F-11D3-BF4B-00C04F79EFBC}") = "Counter_UpDownCounter", "Counter_UpDownCounter\Counter_UpDownCounter.csproj", "{18AA9C03-3823-42CC-9D65-1B24944C1D9D}"
EndProject
Project("{FAE04EC0-301F-11D3-BF4B-00C04F79EFBC}") = "AI_AsynOneBufferedAI_TDtrtp", "AI_AsynOneBufferedAI_TDtrtp\AI_AsynOneBufferedAI_TDtrtp.csproj", "{50CCE934-2DC9-4B41-9FC7-06DA85E76DA2}"
EndProject
Project("{FAE04EC0-301F-11D3-BF4B-00C04F79EFBC}") = "AI_StreamingAI_Retrigger", "AI_StreamingAI_Retrigger\AI_StreamingAI_Retrigger.csproj", "{9ACA3DD4-9DD3-44F6-A44F-84E6842ABA69}"
EndProject
Project("{FAE04EC0-301F-11D3-BF4B-00C04F79EFBC}") = "Counter_BufferedEventCounter", "Counter_BufferedEventCounter\Counter_BufferedEventCounter.csproj", "{955DE2AE-633C-4892-8916-7BA444379D63}"
EndProject
Project("{FAE04EC0-301F-11D3-BF4B-00C04F79EFBC}") = "Counter_BufferedPulseWidthMeasurement", "Counter_BufferedPulseWidthMeasurement\Counter_BufferedPulseWidthMeasurement.csproj", "{E00E3070-D2EB-46E6-8DE0-AB88FC603936}"
EndProject
Project("{FAE04EC0-301F-11D3-BF4B-00C04F79EFBC}") = "Counter_BufferedPWMOutput", "Counter_BufferedPWMOutput\Counter_BufferedPWMOutput.csproj", "{112835EB-0794-4B2A-BFA7-F87B3DF11952}"
EndProject
Project("{FAE04EC0-301F-11D3-BF4B-00C04F79EFBC}") = "Counter_BufferedUpDownCounter", "Counter_BufferedUpDownCounter\Counter_BufferedUpDownCounter.csproj", "{3D599549-51E8-4FF3-8EB9-7ACCD153A5E0}"
EndProject
Global
	GlobalSection(SolutionConfigurationPlatforms) = preSolution
		Debug|Any CPU = Debug|Any CPU
		Debug|x64 = Debug|x64
		Debug|x86 = Debug|x86
		Release|Any CPU = Release|Any CPU
		Release|x64 = Release|x64
		Release|x86 = Release|x86
	EndGlobalSection
	GlobalSection(ProjectConfigurationPlatforms) = postSolution
		{E3DEF1B9-4DE7-4CA9-85CF-0F40F4A4C5B9}.Debug|Any CPU.ActiveCfg = Debug|Any CPU
		{E3DEF1B9-4DE7-4CA9-85CF-0F40F4A4C5B9}.Debug|Any CPU.Build.0 = Debug|Any CPU
		{E3DEF1B9-4DE7-4CA9-85CF-0F40F4A4C5B9}.Debug|x64.ActiveCfg = Debug|x64
		{E3DEF1B9-4DE7-4CA9-85CF-0F40F4A4C5B9}.Debug|x64.Build.0 = Debug|x64
		{E3DEF1B9-4DE7-4CA9-85CF-0F40F4A4C5B9}.Debug|x86.ActiveCfg = Debug|x64
		{E3DEF1B9-4DE7-4CA9-85CF-0F40F4A4C5B9}.Release|Any CPU.ActiveCfg = Release|Any CPU
		{E3DEF1B9-4DE7-4CA9-85CF-0F40F4A4C5B9}.Release|Any CPU.Build.0 = Release|Any CPU
		{E3DEF1B9-4DE7-4CA9-85CF-0F40F4A4C5B9}.Release|x64.ActiveCfg = Release|x64
		{E3DEF1B9-4DE7-4CA9-85CF-0F40F4A4C5B9}.Release|x64.Build.0 = Release|x64
		{E3DEF1B9-4DE7-4CA9-85CF-0F40F4A4C5B9}.Release|x86.ActiveCfg = Release|x64
		{DB2D1C6E-591A-494A-931D-7004F8A558C0}.Debug|Any CPU.ActiveCfg = Debug|Any CPU
		{DB2D1C6E-591A-494A-931D-7004F8A558C0}.Debug|Any CPU.Build.0 = Debug|Any CPU
		{DB2D1C6E-591A-494A-931D-7004F8A558C0}.Debug|x64.ActiveCfg = Debug|Any CPU
		{DB2D1C6E-591A-494A-931D-7004F8A558C0}.Debug|x86.ActiveCfg = Debug|Any CPU
		{DB2D1C6E-591A-494A-931D-7004F8A558C0}.Release|Any CPU.ActiveCfg = Release|Any CPU
		{DB2D1C6E-591A-494A-931D-7004F8A558C0}.Release|Any CPU.Build.0 = Release|Any CPU
		{DB2D1C6E-591A-494A-931D-7004F8A558C0}.Release|x64.ActiveCfg = Release|Any CPU
		{DB2D1C6E-591A-494A-931D-7004F8A558C0}.Release|x86.ActiveCfg = Release|Any CPU
		{B04BEA06-9EE7-49E3-B4DE-46B1D4AD6367}.Debug|Any CPU.ActiveCfg = Debug|Any CPU
		{B04BEA06-9EE7-49E3-B4DE-46B1D4AD6367}.Debug|Any CPU.Build.0 = Debug|Any CPU
		{B04BEA06-9EE7-49E3-B4DE-46B1D4AD6367}.Debug|x64.ActiveCfg = Debug|Any CPU
		{B04BEA06-9EE7-49E3-B4DE-46B1D4AD6367}.Debug|x86.ActiveCfg = Debug|Any CPU
		{B04BEA06-9EE7-49E3-B4DE-46B1D4AD6367}.Release|Any CPU.ActiveCfg = Release|Any CPU
		{B04BEA06-9EE7-49E3-B4DE-46B1D4AD6367}.Release|Any CPU.Build.0 = Release|Any CPU
		{B04BEA06-9EE7-49E3-B4DE-46B1D4AD6367}.Release|x64.ActiveCfg = Release|Any CPU
		{B04BEA06-9EE7-49E3-B4DE-46B1D4AD6367}.Release|x86.ActiveCfg = Release|Any CPU
		{8C66E3CF-56F6-46D2-9E14-C877D3F0F4E3}.Debug|Any CPU.ActiveCfg = Debug|Any CPU
		{8C66E3CF-56F6-46D2-9E14-C877D3F0F4E3}.Debug|Any CPU.Build.0 = Debug|Any CPU
		{8C66E3CF-56F6-46D2-9E14-C877D3F0F4E3}.Debug|x64.ActiveCfg = Debug|x64
		{8C66E3CF-56F6-46D2-9E14-C877D3F0F4E3}.Debug|x64.Build.0 = Debug|x64
		{8C66E3CF-56F6-46D2-9E14-C877D3F0F4E3}.Debug|x86.ActiveCfg = Debug|x64
		{8C66E3CF-56F6-46D2-9E14-C877D3F0F4E3}.Release|Any CPU.ActiveCfg = Release|Any CPU
		{8C66E3CF-56F6-46D2-9E14-C877D3F0F4E3}.Release|Any CPU.Build.0 = Release|Any CPU
		{8C66E3CF-56F6-46D2-9E14-C877D3F0F4E3}.Release|x64.ActiveCfg = Release|x64
		{8C66E3CF-56F6-46D2-9E14-C877D3F0F4E3}.Release|x64.Build.0 = Release|x64
		{8C66E3CF-56F6-46D2-9E14-C877D3F0F4E3}.Release|x86.ActiveCfg = Release|x64
		{8159080A-525C-4A4D-916F-5194EB667D17}.Debug|Any CPU.ActiveCfg = Debug|Any CPU
		{8159080A-525C-4A4D-916F-5194EB667D17}.Debug|Any CPU.Build.0 = Debug|Any CPU
		{8159080A-525C-4A4D-916F-5194EB667D17}.Debug|x64.ActiveCfg = Debug|x64
		{8159080A-525C-4A4D-916F-5194EB667D17}.Debug|x64.Build.0 = Debug|x64
		{8159080A-525C-4A4D-916F-5194EB667D17}.Debug|x86.ActiveCfg = Debug|x64
		{8159080A-525C-4A4D-916F-5194EB667D17}.Release|Any CPU.ActiveCfg = Release|Any CPU
		{8159080A-525C-4A4D-916F-5194EB667D17}.Release|Any CPU.Build.0 = Release|Any CPU
		{8159080A-525C-4A4D-916F-5194EB667D17}.Release|x64.ActiveCfg = Release|x64
		{8159080A-525C-4A4D-916F-5194EB667D17}.Release|x64.Build.0 = Release|x64
		{8159080A-525C-4A4D-916F-5194EB667D17}.Release|x86.ActiveCfg = Release|x64
		{8208085B-14B4-4695-9E1D-50E31CAB7633}.Debug|Any CPU.ActiveCfg = Debug|Any CPU
		{8208085B-14B4-4695-9E1D-50E31CAB7633}.Debug|Any CPU.Build.0 = Debug|Any CPU
		{8208085B-14B4-4695-9E1D-50E31CAB7633}.Debug|x64.ActiveCfg = Debug|x64
		{8208085B-14B4-4695-9E1D-50E31CAB7633}.Debug|x64.Build.0 = Debug|x64
		{8208085B-14B4-4695-9E1D-50E31CAB7633}.Debug|x86.ActiveCfg = Debug|x64
		{8208085B-14B4-4695-9E1D-50E31CAB7633}.Release|Any CPU.ActiveCfg = Release|Any CPU
		{8208085B-14B4-4695-9E1D-50E31CAB7633}.Release|Any CPU.Build.0 = Release|Any CPU
		{8208085B-14B4-4695-9E1D-50E31CAB7633}.Release|x64.ActiveCfg = Release|x64
		{8208085B-14B4-4695-9E1D-50E31CAB7633}.Release|x64.Build.0 = Release|x64
		{8208085B-14B4-4695-9E1D-50E31CAB7633}.Release|x86.ActiveCfg = Release|x64
		{01E7BA7E-AAC2-4743-88B2-F622E24FBC99}.Debug|Any CPU.ActiveCfg = Debug|Any CPU
		{01E7BA7E-AAC2-4743-88B2-F622E24FBC99}.Debug|Any CPU.Build.0 = Debug|Any CPU
		{01E7BA7E-AAC2-4743-88B2-F622E24FBC99}.Debug|x64.ActiveCfg = Debug|x64
		{01E7BA7E-AAC2-4743-88B2-F622E24FBC99}.Debug|x64.Build.0 = Debug|x64
		{01E7BA7E-AAC2-4743-88B2-F622E24FBC99}.Debug|x86.ActiveCfg = Debug|x64
		{01E7BA7E-AAC2-4743-88B2-F622E24FBC99}.Release|Any CPU.ActiveCfg = Release|Any CPU
		{01E7BA7E-AAC2-4743-88B2-F622E24FBC99}.Release|Any CPU.Build.0 = Release|Any CPU
		{01E7BA7E-AAC2-4743-88B2-F622E24FBC99}.Release|x64.ActiveCfg = Release|x64
		{01E7BA7E-AAC2-4743-88B2-F622E24FBC99}.Release|x64.Build.0 = Release|x64
		{01E7BA7E-AAC2-4743-88B2-F622E24FBC99}.Release|x86.ActiveCfg = Release|x64
		{8006293D-1219-4785-AFA6-66AE8BBFB346}.Debug|Any CPU.ActiveCfg = Debug|Any CPU
		{8006293D-1219-4785-AFA6-66AE8BBFB346}.Debug|Any CPU.Build.0 = Debug|Any CPU
		{8006293D-1219-4785-AFA6-66AE8BBFB346}.Debug|x64.ActiveCfg = Debug|x64
		{8006293D-1219-4785-AFA6-66AE8BBFB346}.Debug|x64.Build.0 = Debug|x64
		{8006293D-1219-4785-AFA6-66AE8BBFB346}.Debug|x86.ActiveCfg = Debug|x64
		{8006293D-1219-4785-AFA6-66AE8BBFB346}.Release|Any CPU.ActiveCfg = Release|Any CPU
		{8006293D-1219-4785-AFA6-66AE8BBFB346}.Release|Any CPU.Build.0 = Release|Any CPU
		{8006293D-1219-4785-AFA6-66AE8BBFB346}.Release|x64.ActiveCfg = Release|x64
		{8006293D-1219-4785-AFA6-66AE8BBFB346}.Release|x64.Build.0 = Release|x64
		{8006293D-1219-4785-AFA6-66AE8BBFB346}.Release|x86.ActiveCfg = Release|x64
		{0C1A9E30-7D8A-4E17-B6A6-723E75FF6505}.Debug|Any CPU.ActiveCfg = Debug|Any CPU
		{0C1A9E30-7D8A-4E17-B6A6-723E75FF6505}.Debug|Any CPU.Build.0 = Debug|Any CPU
		{0C1A9E30-7D8A-4E17-B6A6-723E75FF6505}.Debug|x64.ActiveCfg = Debug|Any CPU
		{0C1A9E30-7D8A-4E17-B6A6-723E75FF6505}.Debug|x86.ActiveCfg = Debug|Any CPU
		{0C1A9E30-7D8A-4E17-B6A6-723E75FF6505}.Release|Any CPU.ActiveCfg = Release|Any CPU
		{0C1A9E30-7D8A-4E17-B6A6-723E75FF6505}.Release|Any CPU.Build.0 = Release|Any CPU
		{0C1A9E30-7D8A-4E17-B6A6-723E75FF6505}.Release|x64.ActiveCfg = Release|Any CPU
		{0C1A9E30-7D8A-4E17-B6A6-723E75FF6505}.Release|x86.ActiveCfg = Release|Any CPU
		{756A7AA2-F6CD-460E-8143-21EFFCC2C1E5}.Debug|Any CPU.ActiveCfg = Debug|Any CPU
		{756A7AA2-F6CD-460E-8143-21EFFCC2C1E5}.Debug|Any CPU.Build.0 = Debug|Any CPU
		{756A7AA2-F6CD-460E-8143-21EFFCC2C1E5}.Debug|x64.ActiveCfg = Debug|Any CPU
		{756A7AA2-F6CD-460E-8143-21EFFCC2C1E5}.Debug|x86.ActiveCfg = Debug|Any CPU
		{756A7AA2-F6CD-460E-8143-21EFFCC2C1E5}.Release|Any CPU.ActiveCfg = Release|Any CPU
		{756A7AA2-F6CD-460E-8143-21EFFCC2C1E5}.Release|Any CPU.Build.0 = Release|Any CPU
		{756A7AA2-F6CD-460E-8143-21EFFCC2C1E5}.Release|x64.ActiveCfg = Release|Any CPU
		{756A7AA2-F6CD-460E-8143-21EFFCC2C1E5}.Release|x86.ActiveCfg = Release|Any CPU
		{7D247659-9146-4DDA-85F6-14416D666696}.Debug|Any CPU.ActiveCfg = Debug|Any CPU
		{7D247659-9146-4DDA-85F6-14416D666696}.Debug|Any CPU.Build.0 = Debug|Any CPU
		{7D247659-9146-4DDA-85F6-14416D666696}.Debug|x64.ActiveCfg = Debug|Any CPU
		{7D247659-9146-4DDA-85F6-14416D666696}.Debug|x86.ActiveCfg = Debug|Any CPU
		{7D247659-9146-4DDA-85F6-14416D666696}.Release|Any CPU.ActiveCfg = Release|Any CPU
		{7D247659-9146-4DDA-85F6-14416D666696}.Release|Any CPU.Build.0 = Release|Any CPU
		{7D247659-9146-4DDA-85F6-14416D666696}.Release|x64.ActiveCfg = Release|Any CPU
		{7D247659-9146-4DDA-85F6-14416D666696}.Release|x86.ActiveCfg = Release|Any CPU
		{3DEE559B-B6C9-4F8C-A159-00A9527D57EB}.Debug|Any CPU.ActiveCfg = Debug|Any CPU
		{3DEE559B-B6C9-4F8C-A159-00A9527D57EB}.Debug|Any CPU.Build.0 = Debug|Any CPU
		{3DEE559B-B6C9-4F8C-A159-00A9527D57EB}.Debug|x64.ActiveCfg = Debug|Any CPU
		{3DEE559B-B6C9-4F8C-A159-00A9527D57EB}.Debug|x86.ActiveCfg = Debug|Any CPU
		{3DEE559B-B6C9-4F8C-A159-00A9527D57EB}.Release|Any CPU.ActiveCfg = Release|Any CPU
		{3DEE559B-B6C9-4F8C-A159-00A9527D57EB}.Release|Any CPU.Build.0 = Release|Any CPU
		{3DEE559B-B6C9-4F8C-A159-00A9527D57EB}.Release|x64.ActiveCfg = Release|Any CPU
		{3DEE559B-B6C9-4F8C-A159-00A9527D57EB}.Release|x86.ActiveCfg = Release|Any CPU
		{E2DB9123-9565-4D52-AD4E-3E151159D84E}.Debug|Any CPU.ActiveCfg = Debug|Any CPU
		{E2DB9123-9565-4D52-AD4E-3E151159D84E}.Debug|Any CPU.Build.0 = Debug|Any CPU
		{E2DB9123-9565-4D52-AD4E-3E151159D84E}.Debug|x64.ActiveCfg = Debug|Any CPU
		{E2DB9123-9565-4D52-AD4E-3E151159D84E}.Debug|x86.ActiveCfg = Debug|Any CPU
		{E2DB9123-9565-4D52-AD4E-3E151159D84E}.Release|Any CPU.ActiveCfg = Release|Any CPU
		{E2DB9123-9565-4D52-AD4E-3E151159D84E}.Release|Any CPU.Build.0 = Release|Any CPU
		{E2DB9123-9565-4D52-AD4E-3E151159D84E}.Release|x64.ActiveCfg = Release|Any CPU
		{E2DB9123-9565-4D52-AD4E-3E151159D84E}.Release|x86.ActiveCfg = Release|Any CPU
		{7BAAF1FE-D6FC-4DB4-9313-9967F7AA9119}.Debug|Any CPU.ActiveCfg = Debug|Any CPU
		{7BAAF1FE-D6FC-4DB4-9313-9967F7AA9119}.Debug|Any CPU.Build.0 = Debug|Any CPU
		{7BAAF1FE-D6FC-4DB4-9313-9967F7AA9119}.Debug|x64.ActiveCfg = Debug|Any CPU
		{7BAAF1FE-D6FC-4DB4-9313-9967F7AA9119}.Debug|x86.ActiveCfg = Debug|Any CPU
		{7BAAF1FE-D6FC-4DB4-9313-9967F7AA9119}.Release|Any CPU.ActiveCfg = Release|Any CPU
		{7BAAF1FE-D6FC-4DB4-9313-9967F7AA9119}.Release|Any CPU.Build.0 = Release|Any CPU
		{7BAAF1FE-D6FC-4DB4-9313-9967F7AA9119}.Release|x64.ActiveCfg = Release|Any CPU
		{7BAAF1FE-D6FC-4DB4-9313-9967F7AA9119}.Release|x86.ActiveCfg = Release|Any CPU
		{FC867D91-70A7-4E9A-A5B8-D21C0744F3DE}.Debug|Any CPU.ActiveCfg = Debug|Any CPU
		{FC867D91-70A7-4E9A-A5B8-D21C0744F3DE}.Debug|Any CPU.Build.0 = Debug|Any CPU
		{FC867D91-70A7-4E9A-A5B8-D21C0744F3DE}.Debug|x64.ActiveCfg = Debug|Any CPU
		{FC867D91-70A7-4E9A-A5B8-D21C0744F3DE}.Debug|x86.ActiveCfg = Debug|Any CPU
		{FC867D91-70A7-4E9A-A5B8-D21C0744F3DE}.Release|Any CPU.ActiveCfg = Release|Any CPU
		{FC867D91-70A7-4E9A-A5B8-D21C0744F3DE}.Release|Any CPU.Build.0 = Release|Any CPU
		{FC867D91-70A7-4E9A-A5B8-D21C0744F3DE}.Release|x64.ActiveCfg = Release|Any CPU
		{FC867D91-70A7-4E9A-A5B8-D21C0744F3DE}.Release|x86.ActiveCfg = Release|Any CPU
		{06502DA2-79D2-430E-A76E-63FC200993FF}.Debug|Any CPU.ActiveCfg = Debug|Any CPU
		{06502DA2-79D2-430E-A76E-63FC200993FF}.Debug|Any CPU.Build.0 = Debug|Any CPU
		{06502DA2-79D2-430E-A76E-63FC200993FF}.Debug|x64.ActiveCfg = Debug|Any CPU
		{06502DA2-79D2-430E-A76E-63FC200993FF}.Debug|x86.ActiveCfg = Debug|Any CPU
		{06502DA2-79D2-430E-A76E-63FC200993FF}.Release|Any CPU.ActiveCfg = Release|Any CPU
		{06502DA2-79D2-430E-A76E-63FC200993FF}.Release|Any CPU.Build.0 = Release|Any CPU
		{06502DA2-79D2-430E-A76E-63FC200993FF}.Release|x64.ActiveCfg = Release|Any CPU
		{06502DA2-79D2-430E-A76E-63FC200993FF}.Release|x86.ActiveCfg = Release|Any CPU
		{9C049BE5-0B76-4C7C-8AD8-B7C6E5935B24}.Debug|Any CPU.ActiveCfg = Debug|Any CPU
		{9C049BE5-0B76-4C7C-8AD8-B7C6E5935B24}.Debug|Any CPU.Build.0 = Debug|Any CPU
		{9C049BE5-0B76-4C7C-8AD8-B7C6E5935B24}.Debug|x64.ActiveCfg = Debug|Any CPU
		{9C049BE5-0B76-4C7C-8AD8-B7C6E5935B24}.Debug|x86.ActiveCfg = Debug|Any CPU
		{9C049BE5-0B76-4C7C-8AD8-B7C6E5935B24}.Release|Any CPU.ActiveCfg = Release|Any CPU
		{9C049BE5-0B76-4C7C-8AD8-B7C6E5935B24}.Release|Any CPU.Build.0 = Release|Any CPU
		{9C049BE5-0B76-4C7C-8AD8-B7C6E5935B24}.Release|x64.ActiveCfg = Release|Any CPU
		{9C049BE5-0B76-4C7C-8AD8-B7C6E5935B24}.Release|x86.ActiveCfg = Release|Any CPU
		{2606360B-6620-43ED-B9E0-57B11E8B1886}.Debug|Any CPU.ActiveCfg = Debug|Any CPU
		{2606360B-6620-43ED-B9E0-57B11E8B1886}.Debug|Any CPU.Build.0 = Debug|Any CPU
		{2606360B-6620-43ED-B9E0-57B11E8B1886}.Debug|x64.ActiveCfg = Debug|Any CPU
		{2606360B-6620-43ED-B9E0-57B11E8B1886}.Debug|x86.ActiveCfg = Debug|Any CPU
		{2606360B-6620-43ED-B9E0-57B11E8B1886}.Release|Any CPU.ActiveCfg = Release|Any CPU
		{2606360B-6620-43ED-B9E0-57B11E8B1886}.Release|Any CPU.Build.0 = Release|Any CPU
		{2606360B-6620-43ED-B9E0-57B11E8B1886}.Release|x64.ActiveCfg = Release|Any CPU
		{2606360B-6620-43ED-B9E0-57B11E8B1886}.Release|x86.ActiveCfg = Release|Any CPU
		{593404E8-F7E8-4397-8929-19EB7BBB5E6A}.Debug|Any CPU.ActiveCfg = Debug|Any CPU
		{593404E8-F7E8-4397-8929-19EB7BBB5E6A}.Debug|Any CPU.Build.0 = Debug|Any CPU
		{593404E8-F7E8-4397-8929-19EB7BBB5E6A}.Debug|x64.ActiveCfg = Debug|Any CPU
		{593404E8-F7E8-4397-8929-19EB7BBB5E6A}.Debug|x86.ActiveCfg = Debug|Any CPU
		{593404E8-F7E8-4397-8929-19EB7BBB5E6A}.Release|Any CPU.ActiveCfg = Release|Any CPU
		{593404E8-F7E8-4397-8929-19EB7BBB5E6A}.Release|Any CPU.Build.0 = Release|Any CPU
		{593404E8-F7E8-4397-8929-19EB7BBB5E6A}.Release|x64.ActiveCfg = Release|Any CPU
		{593404E8-F7E8-4397-8929-19EB7BBB5E6A}.Release|x86.ActiveCfg = Release|Any CPU
		{F80EFC32-4E17-4A27-BA5D-EB7728997F9C}.Debug|Any CPU.ActiveCfg = Debug|Any CPU
		{F80EFC32-4E17-4A27-BA5D-EB7728997F9C}.Debug|Any CPU.Build.0 = Debug|Any CPU
		{F80EFC32-4E17-4A27-BA5D-EB7728997F9C}.Debug|x64.ActiveCfg = Debug|x64
		{F80EFC32-4E17-4A27-BA5D-EB7728997F9C}.Debug|x64.Build.0 = Debug|x64
		{F80EFC32-4E17-4A27-BA5D-EB7728997F9C}.Debug|x86.ActiveCfg = Debug|x64
		{F80EFC32-4E17-4A27-BA5D-EB7728997F9C}.Release|Any CPU.ActiveCfg = Release|Any CPU
		{F80EFC32-4E17-4A27-BA5D-EB7728997F9C}.Release|Any CPU.Build.0 = Release|Any CPU
		{F80EFC32-4E17-4A27-BA5D-EB7728997F9C}.Release|x64.ActiveCfg = Release|x64
		{F80EFC32-4E17-4A27-BA5D-EB7728997F9C}.Release|x64.Build.0 = Release|x64
		{F80EFC32-4E17-4A27-BA5D-EB7728997F9C}.Release|x86.ActiveCfg = Release|x64
		{E5A9DE27-1A0A-40FA-AA9A-770C9F2FC200}.Debug|Any CPU.ActiveCfg = Debug|Any CPU
		{E5A9DE27-1A0A-40FA-AA9A-770C9F2FC200}.Debug|Any CPU.Build.0 = Debug|Any CPU
		{E5A9DE27-1A0A-40FA-AA9A-770C9F2FC200}.Debug|x64.ActiveCfg = Debug|x64
		{E5A9DE27-1A0A-40FA-AA9A-770C9F2FC200}.Debug|x64.Build.0 = Debug|x64
		{E5A9DE27-1A0A-40FA-AA9A-770C9F2FC200}.Debug|x86.ActiveCfg = Debug|x64
		{E5A9DE27-1A0A-40FA-AA9A-770C9F2FC200}.Release|Any CPU.ActiveCfg = Release|Any CPU
		{E5A9DE27-1A0A-40FA-AA9A-770C9F2FC200}.Release|Any CPU.Build.0 = Release|Any CPU
		{E5A9DE27-1A0A-40FA-AA9A-770C9F2FC200}.Release|x64.ActiveCfg = Release|x64
		{E5A9DE27-1A0A-40FA-AA9A-770C9F2FC200}.Release|x64.Build.0 = Release|x64
		{E5A9DE27-1A0A-40FA-AA9A-770C9F2FC200}.Release|x86.ActiveCfg = Release|x64
		{25DCEE84-1253-42AA-A6DC-B6333DE555B1}.Debug|Any CPU.ActiveCfg = Debug|Any CPU
		{25DCEE84-1253-42AA-A6DC-B6333DE555B1}.Debug|Any CPU.Build.0 = Debug|Any CPU
		{25DCEE84-1253-42AA-A6DC-B6333DE555B1}.Debug|x64.ActiveCfg = Debug|Any CPU
		{25DCEE84-1253-42AA-A6DC-B6333DE555B1}.Debug|x86.ActiveCfg = Debug|Any CPU
		{25DCEE84-1253-42AA-A6DC-B6333DE555B1}.Release|Any CPU.ActiveCfg = Release|Any CPU
		{25DCEE84-1253-42AA-A6DC-B6333DE555B1}.Release|Any CPU.Build.0 = Release|Any CPU
		{25DCEE84-1253-42AA-A6DC-B6333DE555B1}.Release|x64.ActiveCfg = Release|Any CPU
		{25DCEE84-1253-42AA-A6DC-B6333DE555B1}.Release|x86.ActiveCfg = Release|Any CPU
		{620DEF47-3982-4677-A153-821C9C312C59}.Debug|Any CPU.ActiveCfg = Debug|Any CPU
		{620DEF47-3982-4677-A153-821C9C312C59}.Debug|Any CPU.Build.0 = Debug|Any CPU
		{620DEF47-3982-4677-A153-821C9C312C59}.Debug|x64.ActiveCfg = Debug|Any CPU
		{620DEF47-3982-4677-A153-821C9C312C59}.Debug|x86.ActiveCfg = Debug|Any CPU
		{620DEF47-3982-4677-A153-821C9C312C59}.Release|Any CPU.ActiveCfg = Release|Any CPU
		{620DEF47-3982-4677-A153-821C9C312C59}.Release|Any CPU.Build.0 = Release|Any CPU
		{620DEF47-3982-4677-A153-821C9C312C59}.Release|x64.ActiveCfg = Release|Any CPU
		{620DEF47-3982-4677-A153-821C9C312C59}.Release|x86.ActiveCfg = Release|Any CPU
		{73480102-D6EC-4F11-B0DB-E8A98D137290}.Debug|Any CPU.ActiveCfg = Debug|Any CPU
		{73480102-D6EC-4F11-B0DB-E8A98D137290}.Debug|Any CPU.Build.0 = Debug|Any CPU
		{73480102-D6EC-4F11-B0DB-E8A98D137290}.Debug|x64.ActiveCfg = Debug|Any CPU
		{73480102-D6EC-4F11-B0DB-E8A98D137290}.Debug|x86.ActiveCfg = Debug|Any CPU
		{73480102-D6EC-4F11-B0DB-E8A98D137290}.Release|Any CPU.ActiveCfg = Release|Any CPU
		{73480102-D6EC-4F11-B0DB-E8A98D137290}.Release|Any CPU.Build.0 = Release|Any CPU
		{73480102-D6EC-4F11-B0DB-E8A98D137290}.Release|x64.ActiveCfg = Release|Any CPU
		{73480102-D6EC-4F11-B0DB-E8A98D137290}.Release|x86.ActiveCfg = Release|Any CPU
		{18AA9C03-3823-42CC-9D65-1B24944C1D9D}.Debug|Any CPU.ActiveCfg = Debug|Any CPU
		{18AA9C03-3823-42CC-9D65-1B24944C1D9D}.Debug|Any CPU.Build.0 = Debug|Any CPU
		{18AA9C03-3823-42CC-9D65-1B24944C1D9D}.Debug|x64.ActiveCfg = Debug|Any CPU
		{18AA9C03-3823-42CC-9D65-1B24944C1D9D}.Debug|x86.ActiveCfg = Debug|Any CPU
		{18AA9C03-3823-42CC-9D65-1B24944C1D9D}.Release|Any CPU.ActiveCfg = Release|Any CPU
		{18AA9C03-3823-42CC-9D65-1B24944C1D9D}.Release|Any CPU.Build.0 = Release|Any CPU
		{18AA9C03-3823-42CC-9D65-1B24944C1D9D}.Release|x64.ActiveCfg = Release|Any CPU
		{18AA9C03-3823-42CC-9D65-1B24944C1D9D}.Release|x86.ActiveCfg = Release|Any CPU
		{50CCE934-2DC9-4B41-9FC7-06DA85E76DA2}.Debug|Any CPU.ActiveCfg = Debug|Any CPU
		{50CCE934-2DC9-4B41-9FC7-06DA85E76DA2}.Debug|Any CPU.Build.0 = Debug|Any CPU
		{50CCE934-2DC9-4B41-9FC7-06DA85E76DA2}.Debug|x64.ActiveCfg = Debug|x64
		{50CCE934-2DC9-4B41-9FC7-06DA85E76DA2}.Debug|x64.Build.0 = Debug|x64
		{50CCE934-2DC9-4B41-9FC7-06DA85E76DA2}.Debug|x86.ActiveCfg = Debug|x64
		{50CCE934-2DC9-4B41-9FC7-06DA85E76DA2}.Release|Any CPU.ActiveCfg = Release|Any CPU
		{50CCE934-2DC9-4B41-9FC7-06DA85E76DA2}.Release|Any CPU.Build.0 = Release|Any CPU
		{50CCE934-2DC9-4B41-9FC7-06DA85E76DA2}.Release|x64.ActiveCfg = Release|x64
		{50CCE934-2DC9-4B41-9FC7-06DA85E76DA2}.Release|x64.Build.0 = Release|x64
		{50CCE934-2DC9-4B41-9FC7-06DA85E76DA2}.Release|x86.ActiveCfg = Release|x64
		{9ACA3DD4-9DD3-44F6-A44F-84E6842ABA69}.Debug|Any CPU.ActiveCfg = Debug|Any CPU
		{9ACA3DD4-9DD3-44F6-A44F-84E6842ABA69}.Debug|Any CPU.Build.0 = Debug|Any CPU
		{9ACA3DD4-9DD3-44F6-A44F-84E6842ABA69}.Debug|x64.ActiveCfg = Debug|Any CPU
		{9ACA3DD4-9DD3-44F6-A44F-84E6842ABA69}.Debug|x86.ActiveCfg = Debug|Any CPU
		{9ACA3DD4-9DD3-44F6-A44F-84E6842ABA69}.Release|Any CPU.ActiveCfg = Release|Any CPU
		{9ACA3DD4-9DD3-44F6-A44F-84E6842ABA69}.Release|Any CPU.Build.0 = Release|Any CPU
		{9ACA3DD4-9DD3-44F6-A44F-84E6842ABA69}.Release|x64.ActiveCfg = Release|Any CPU
		{9ACA3DD4-9DD3-44F6-A44F-84E6842ABA69}.Release|x86.ActiveCfg = Release|Any CPU
		{955DE2AE-633C-4892-8916-7BA444379D63}.Debug|Any CPU.ActiveCfg = Debug|Any CPU
		{955DE2AE-633C-4892-8916-7BA444379D63}.Debug|Any CPU.Build.0 = Debug|Any CPU
		{955DE2AE-633C-4892-8916-7BA444379D63}.Debug|x64.ActiveCfg = Debug|Any CPU
		{955DE2AE-633C-4892-8916-7BA444379D63}.Debug|x86.ActiveCfg = Debug|Any CPU
		{955DE2AE-633C-4892-8916-7BA444379D63}.Release|Any CPU.ActiveCfg = Release|Any CPU
		{955DE2AE-633C-4892-8916-7BA444379D63}.Release|Any CPU.Build.0 = Release|Any CPU
		{955DE2AE-633C-4892-8916-7BA444379D63}.Release|x64.ActiveCfg = Release|Any CPU
		{955DE2AE-633C-4892-8916-7BA444379D63}.Release|x86.ActiveCfg = Release|Any CPU
		{E00E3070-D2EB-46E6-8DE0-AB88FC603936}.Debug|Any CPU.ActiveCfg = Debug|Any CPU
		{E00E3070-D2EB-46E6-8DE0-AB88FC603936}.Debug|Any CPU.Build.0 = Debug|Any CPU
		{E00E3070-D2EB-46E6-8DE0-AB88FC603936}.Debug|x64.ActiveCfg = Debug|Any CPU
		{E00E3070-D2EB-46E6-8DE0-AB88FC603936}.Debug|x86.ActiveCfg = Debug|Any CPU
		{E00E3070-D2EB-46E6-8DE0-AB88FC603936}.Release|Any CPU.ActiveCfg = Release|Any CPU
		{E00E3070-D2EB-46E6-8DE0-AB88FC603936}.Release|Any CPU.Build.0 = Release|Any CPU
		{E00E3070-D2EB-46E6-8DE0-AB88FC603936}.Release|x64.ActiveCfg = Release|Any CPU
		{E00E3070-D2EB-46E6-8DE0-AB88FC603936}.Release|x86.ActiveCfg = Release|Any CPU
		{112835EB-0794-4B2A-BFA7-F87B3DF11952}.Debug|Any CPU.ActiveCfg = Debug|Any CPU
		{112835EB-0794-4B2A-BFA7-F87B3DF11952}.Debug|Any CPU.Build.0 = Debug|Any CPU
		{112835EB-0794-4B2A-BFA7-F87B3DF11952}.Debug|x64.ActiveCfg = Debug|Any CPU
		{112835EB-0794-4B2A-BFA7-F87B3DF11952}.Debug|x86.ActiveCfg = Debug|Any CPU
		{112835EB-0794-4B2A-BFA7-F87B3DF11952}.Release|Any CPU.ActiveCfg = Release|Any CPU
		{112835EB-0794-4B2A-BFA7-F87B3DF11952}.Release|Any CPU.Build.0 = Release|Any CPU
		{112835EB-0794-4B2A-BFA7-F87B3DF11952}.Release|x64.ActiveCfg = Release|Any CPU
		{112835EB-0794-4B2A-BFA7-F87B3DF11952}.Release|x86.ActiveCfg = Release|Any CPU
		{3D599549-51E8-4FF3-8EB9-7ACCD153A5E0}.Debug|Any CPU.ActiveCfg = Debug|Any CPU
		{3D599549-51E8-4FF3-8EB9-7ACCD153A5E0}.Debug|Any CPU.Build.0 = Debug|Any CPU
		{3D599549-51E8-4FF3-8EB9-7ACCD153A5E0}.Debug|x64.ActiveCfg = Debug|Any CPU
		{3D599549-51E8-4FF3-8EB9-7ACCD153A5E0}.Debug|x86.ActiveCfg = Debug|Any CPU
		{3D599549-51E8-4FF3-8EB9-7ACCD153A5E0}.Release|Any CPU.ActiveCfg = Release|Any CPU
		{3D599549-51E8-4FF3-8EB9-7ACCD153A5E0}.Release|Any CPU.Build.0 = Release|Any CPU
		{3D599549-51E8-4FF3-8EB9-7ACCD153A5E0}.Release|x64.ActiveCfg = Release|Any CPU
		{3D599549-51E8-4FF3-8EB9-7ACCD153A5E0}.Release|x86.ActiveCfg = Release|Any CPU
	EndGlobalSection
	GlobalSection(SolutionProperties) = preSolution
		HideSolutionNode = FALSE
	EndGlobalSection
EndGlobal
