
Microsoft Visual Studio Solution File, Format Version 10.00
# Visual Studio 2008
Project("{F184B08F-C81C-45F6-A57F-5ABD9991F28F}") = "AI_SynchronousOneBufferedAI", "AI_SynchronousOneBufferedAI.vbproj", "{3B8618E4-98FA-4B39-881C-B130D895757E}"
EndProject
Global
	GlobalSection(SolutionConfigurationPlatforms) = preSolution
		Debug|Any CPU = Debug|Any CPU
		Release|Any CPU = Release|Any CPU
	EndGlobalSection
	GlobalSection(ProjectConfigurationPlatforms) = postSolution
		{3B8618E4-98FA-4B39-881C-B130D895757E}.Debug|Any CPU.ActiveCfg = Debug|Any CPU
		{3B8618E4-98FA-4B39-881C-B130D895757E}.Debug|Any CPU.Build.0 = Debug|Any CPU
		{3B8618E4-98FA-4B39-881C-B130D895757E}.Release|Any CPU.ActiveCfg = Release|Any CPU
		{3B8618E4-98FA-4B39-881C-B130D895757E}.Release|Any CPU.Build.0 = Release|Any CPU
	EndGlobalSection
	GlobalSection(SolutionProperties) = preSolution
		HideSolutionNode = FALSE
	EndGlobalSection
EndGlobal
